// !$*UTF8*$!
{
	archiveVersion = 1;
	classes = {
	};
	objectVersion = 56;
	objects = {

/* Begin PBXBuildFile section */
		CE40489B29F0206600124C76 /* MovieDetailInterface in Frameworks */ = {isa = PBXBuildFile; productRef = CE40489A29F0206600124C76 /* MovieDetailInterface */; };
		CE9E6C4D29EFF9DE0047B91B /* MovieDetailFeature in Frameworks */ = {isa = PBXBuildFile; productRef = CE9E6C4C29EFF9DE0047B91B /* MovieDetailFeature */; };
		CEFF5C3129EFF5B8005D0097 /* AppDelegate.swift in Sources */ = {isa = PBXBuildFile; fileRef = CEFF5C3029EFF5B8005D0097 /* AppDelegate.swift */; };
		CEFF5C3329EFF5B8005D0097 /* SceneDelegate.swift in Sources */ = {isa = PBXBuildFile; fileRef = CEFF5C3229EFF5B8005D0097 /* SceneDelegate.swift */; };
		CEFF5C3529EFF5B8005D0097 /* ViewController.swift in Sources */ = {isa = PBXBuildFile; fileRef = CEFF5C3429EFF5B8005D0097 /* ViewController.swift */; };
		CEFF5C3829EFF5B8005D0097 /* Main.storyboard in Resources */ = {isa = PBXBuildFile; fileRef = CEFF5C3629EFF5B8005D0097 /* Main.storyboard */; };
		CEFF5C3A29EFF5B8005D0097 /* Assets.xcassets in Resources */ = {isa = PBXBuildFile; fileRef = CEFF5C3929EFF5B8005D0097 /* Assets.xcassets */; };
		CEFF5C3D29EFF5B8005D0097 /* LaunchScreen.storyboard in Resources */ = {isa = PBXBuildFile; fileRef = CEFF5C3B29EFF5B8005D0097 /* LaunchScreen.storyboard */; };
		CEFF5C4429EFF5CB005D0097 /* Networking in Frameworks */ = {isa = PBXBuildFile; productRef = CEFF5C4329EFF5CB005D0097 /* Networking */; };
		CEFF5C4629EFF5CB005D0097 /* NetworkingInterface in Frameworks */ = {isa = PBXBuildFile; productRef = CEFF5C4529EFF5CB005D0097 /* NetworkingInterface */; };
		CEFF5C5129EFF670005D0097 /* MovieDetailFeature.h in Headers */ = {isa = PBXBuildFile; fileRef = CEFF5C5029EFF670005D0097 /* MovieDetailFeature.h */; settings = {ATTRIBUTES = (Public, ); }; };
		CEFF5C5A29EFF89D005D0097 /* RxDataSources in Frameworks */ = {isa = PBXBuildFile; productRef = CEFF5C5929EFF89D005D0097 /* RxDataSources */; };
		CEFF5C5D29EFF8B2005D0097 /* AlamofireImage in Frameworks */ = {isa = PBXBuildFile; productRef = CEFF5C5C29EFF8B2005D0097 /* AlamofireImage */; };
		CEFF5C6029EFF8C9005D0097 /* RxSwift in Frameworks */ = {isa = PBXBuildFile; productRef = CEFF5C5F29EFF8C9005D0097 /* RxSwift */; };
/* End PBXBuildFile section */

/* Begin PBXFileReference section */
		CE40489329F01F4700124C76 /* MovieDetailInterface.framework */ = {isa = PBXFileReference; explicitFileType = wrapper.framework; includeInIndex = 0; path = MovieDetailInterface.framework; sourceTree = BUILT_PRODUCTS_DIR; };
		CEFF5C2929EFF534005D0097 /* Networking */ = {isa = PBXFileReference; lastKnownFileType = wrapper; name = Networking; path = ../Networking/Networking; sourceTree = "<group>"; };
		CEFF5C2E29EFF5B8005D0097 /* MovieDetailDemo.app */ = {isa = PBXFileReference; explicitFileType = wrapper.application; includeInIndex = 0; path = MovieDetailDemo.app; sourceTree = BUILT_PRODUCTS_DIR; };
		CEFF5C3029EFF5B8005D0097 /* AppDelegate.swift */ = {isa = PBXFileReference; lastKnownFileType = sourcecode.swift; path = AppDelegate.swift; sourceTree = "<group>"; };
		CEFF5C3229EFF5B8005D0097 /* SceneDelegate.swift */ = {isa = PBXFileReference; lastKnownFileType = sourcecode.swift; path = SceneDelegate.swift; sourceTree = "<group>"; };
		CEFF5C3429EFF5B8005D0097 /* ViewController.swift */ = {isa = PBXFileReference; lastKnownFileType = sourcecode.swift; path = ViewController.swift; sourceTree = "<group>"; };
		CEFF5C3729EFF5B8005D0097 /* Base */ = {isa = PBXFileReference; lastKnownFileType = file.storyboard; name = Base; path = Base.lproj/Main.storyboard; sourceTree = "<group>"; };
		CEFF5C3929EFF5B8005D0097 /* Assets.xcassets */ = {isa = PBXFileReference; lastKnownFileType = folder.assetcatalog; path = Assets.xcassets; sourceTree = "<group>"; };
		CEFF5C3C29EFF5B8005D0097 /* Base */ = {isa = PBXFileReference; lastKnownFileType = file.storyboard; name = Base; path = Base.lproj/LaunchScreen.storyboard; sourceTree = "<group>"; };
		CEFF5C3E29EFF5B8005D0097 /* Info.plist */ = {isa = PBXFileReference; lastKnownFileType = text.plist.xml; path = Info.plist; sourceTree = "<group>"; };
		CEFF5C4829EFF639005D0097 /* MovieDetailFeature */ = {isa = PBXFileReference; lastKnownFileType = wrapper; path = MovieDetailFeature; sourceTree = "<group>"; };
		CEFF5C4E29EFF670005D0097 /* MovieDetailFeature.framework */ = {isa = PBXFileReference; explicitFileType = wrapper.framework; includeInIndex = 0; path = MovieDetailFeature.framework; sourceTree = BUILT_PRODUCTS_DIR; };
		CEFF5C5029EFF670005D0097 /* MovieDetailFeature.h */ = {isa = PBXFileReference; lastKnownFileType = sourcecode.c.h; path = MovieDetailFeature.h; sourceTree = "<group>"; };
/* End PBXFileReference section */

/* Begin PBXFrameworksBuildPhase section */
		CE40489029F01F4700124C76 /* Frameworks */ = {
			isa = PBXFrameworksBuildPhase;
			buildActionMask = 2147483647;
			files = (
			);
			runOnlyForDeploymentPostprocessing = 0;
		};
		CEFF5C2B29EFF5B8005D0097 /* Frameworks */ = {
			isa = PBXFrameworksBuildPhase;
			buildActionMask = 2147483647;
			files = (
				CEFF5C5A29EFF89D005D0097 /* RxDataSources in Frameworks */,
				CEFF5C5D29EFF8B2005D0097 /* AlamofireImage in Frameworks */,
				CEFF5C6029EFF8C9005D0097 /* RxSwift in Frameworks */,
				CE40489B29F0206600124C76 /* MovieDetailInterface in Frameworks */,
				CEFF5C4629EFF5CB005D0097 /* NetworkingInterface in Frameworks */,
				CEFF5C4429EFF5CB005D0097 /* Networking in Frameworks */,
				CE9E6C4D29EFF9DE0047B91B /* MovieDetailFeature in Frameworks */,
			);
			runOnlyForDeploymentPostprocessing = 0;
		};
		CEFF5C4B29EFF670005D0097 /* Frameworks */ = {
			isa = PBXFrameworksBuildPhase;
			buildActionMask = 2147483647;
			files = (
			);
			runOnlyForDeploymentPostprocessing = 0;
		};
/* End PBXFrameworksBuildPhase section */

/* Begin PBXGroup section */
		CEFF5C1429EFF519005D0097 = {
			isa = PBXGroup;
			children = (
				CEFF5C4829EFF639005D0097 /* MovieDetailFeature */,
				CEFF5C2829EFF534005D0097 /* Packages */,
				CEFF5C2F29EFF5B8005D0097 /* MovieDetailDemo */,
				CEFF5C4F29EFF670005D0097 /* MovieDetailFeature */,
				CEFF5C1F29EFF519005D0097 /* Products */,
				CEFF5C4229EFF5CB005D0097 /* Frameworks */,
			);
			sourceTree = "<group>";
		};
		CEFF5C1F29EFF519005D0097 /* Products */ = {
			isa = PBXGroup;
			children = (
				CEFF5C2E29EFF5B8005D0097 /* MovieDetailDemo.app */,
				CEFF5C4E29EFF670005D0097 /* MovieDetailFeature.framework */,
				CE40489329F01F4700124C76 /* MovieDetailInterface.framework */,
			);
			name = Products;
			sourceTree = "<group>";
		};
		CEFF5C2829EFF534005D0097 /* Packages */ = {
			isa = PBXGroup;
			children = (
				CEFF5C2929EFF534005D0097 /* Networking */,
			);
			name = Packages;
			sourceTree = "<group>";
		};
		CEFF5C2F29EFF5B8005D0097 /* MovieDetailDemo */ = {
			isa = PBXGroup;
			children = (
				CEFF5C3029EFF5B8005D0097 /* AppDelegate.swift */,
				CEFF5C3229EFF5B8005D0097 /* SceneDelegate.swift */,
				CEFF5C3429EFF5B8005D0097 /* ViewController.swift */,
				CEFF5C3629EFF5B8005D0097 /* Main.storyboard */,
				CEFF5C3929EFF5B8005D0097 /* Assets.xcassets */,
				CEFF5C3B29EFF5B8005D0097 /* LaunchScreen.storyboard */,
				CEFF5C3E29EFF5B8005D0097 /* Info.plist */,
			);
			path = MovieDetailDemo;
			sourceTree = "<group>";
		};
		CEFF5C4229EFF5CB005D0097 /* Frameworks */ = {
			isa = PBXGroup;
			children = (
			);
			name = Frameworks;
			sourceTree = "<group>";
		};
		CEFF5C4F29EFF670005D0097 /* MovieDetailFeature */ = {
			isa = PBXGroup;
			children = (
				CEFF5C5029EFF670005D0097 /* MovieDetailFeature.h */,
			);
			path = MovieDetailFeature;
			sourceTree = "<group>";
		};
/* End PBXGroup section */

/* Begin PBXHeadersBuildPhase section */
		CE40488E29F01F4700124C76 /* Headers */ = {
			isa = PBXHeadersBuildPhase;
			buildActionMask = 2147483647;
			files = (
			);
			runOnlyForDeploymentPostprocessing = 0;
		};
		CEFF5C4929EFF670005D0097 /* Headers */ = {
			isa = PBXHeadersBuildPhase;
			buildActionMask = 2147483647;
			files = (
				CEFF5C5129EFF670005D0097 /* MovieDetailFeature.h in Headers */,
			);
			runOnlyForDeploymentPostprocessing = 0;
		};
/* End PBXHeadersBuildPhase section */

/* Begin PBXNativeTarget section */
		CE40489229F01F4700124C76 /* MovieDetailInterface */ = {
			isa = PBXNativeTarget;
			buildConfigurationList = CE40489929F01F4700124C76 /* Build configuration list for PBXNativeTarget "MovieDetailInterface" */;
			buildPhases = (
				CE40488E29F01F4700124C76 /* Headers */,
				CE40488F29F01F4700124C76 /* Sources */,
				CE40489029F01F4700124C76 /* Frameworks */,
				CE40489129F01F4700124C76 /* Resources */,
			);
			buildRules = (
			);
			dependencies = (
			);
			name = MovieDetailInterface;
			productName = MovieDetailInterface;
			productReference = CE40489329F01F4700124C76 /* MovieDetailInterface.framework */;
			productType = "com.apple.product-type.framework";
		};
		CEFF5C2D29EFF5B8005D0097 /* MovieDetailDemo */ = {
			isa = PBXNativeTarget;
			buildConfigurationList = CEFF5C4129EFF5B8005D0097 /* Build configuration list for PBXNativeTarget "MovieDetailDemo" */;
			buildPhases = (
				CEFF5C2A29EFF5B8005D0097 /* Sources */,
				CEFF5C2B29EFF5B8005D0097 /* Frameworks */,
				CEFF5C2C29EFF5B8005D0097 /* Resources */,
			);
			buildRules = (
			);
			dependencies = (
			);
			name = MovieDetailDemo;
			packageProductDependencies = (
				CEFF5C4329EFF5CB005D0097 /* Networking */,
				CEFF5C4529EFF5CB005D0097 /* NetworkingInterface */,
				CEFF5C5929EFF89D005D0097 /* RxDataSources */,
				CEFF5C5C29EFF8B2005D0097 /* AlamofireImage */,
				CEFF5C5F29EFF8C9005D0097 /* RxSwift */,
				CE9E6C4C29EFF9DE0047B91B /* MovieDetailFeature */,
				CE40489A29F0206600124C76 /* MovieDetailInterface */,
			);
			productName = MovieDetailDemo;
			productReference = CEFF5C2E29EFF5B8005D0097 /* MovieDetailDemo.app */;
			productType = "com.apple.product-type.application";
		};
		CEFF5C4D29EFF670005D0097 /* MovieDetailFeature */ = {
			isa = PBXNativeTarget;
			buildConfigurationList = CEFF5C5229EFF670005D0097 /* Build configuration list for PBXNativeTarget "MovieDetailFeature" */;
			buildPhases = (
				CEFF5C4929EFF670005D0097 /* Headers */,
				CEFF5C4A29EFF670005D0097 /* Sources */,
				CEFF5C4B29EFF670005D0097 /* Frameworks */,
				CEFF5C4C29EFF670005D0097 /* Resources */,
			);
			buildRules = (
			);
			dependencies = (
			);
			name = MovieDetailFeature;
			productName = MovieDetailFeature;
			productReference = CEFF5C4E29EFF670005D0097 /* MovieDetailFeature.framework */;
			productType = "com.apple.product-type.framework";
		};
/* End PBXNativeTarget section */

/* Begin PBXProject section */
		CEFF5C1529EFF519005D0097 /* Project object */ = {
			isa = PBXProject;
			attributes = {
				BuildIndependentTargetsInParallel = 1;
				LastSwiftUpdateCheck = 1430;
				LastUpgradeCheck = 1430;
				TargetAttributes = {
					CE40489229F01F4700124C76 = {
						CreatedOnToolsVersion = 14.3;
					};
					CEFF5C2D29EFF5B8005D0097 = {
						CreatedOnToolsVersion = 14.3;
					};
					CEFF5C4D29EFF670005D0097 = {
						CreatedOnToolsVersion = 14.3;
					};
				};
			};
			buildConfigurationList = CEFF5C1829EFF519005D0097 /* Build configuration list for PBXProject "MovieDetail" */;
			compatibilityVersion = "Xcode 14.0";
			developmentRegion = en;
			hasScannedForEncodings = 0;
			knownRegions = (
				en,
				Base,
			);
			mainGroup = CEFF5C1429EFF519005D0097;
			packageReferences = (
				CEFF5C5829EFF89D005D0097 /* XCRemoteSwiftPackageReference "RxDataSources" */,
				CEFF5C5B29EFF8B2005D0097 /* XCRemoteSwiftPackageReference "AlamofireImage" */,
				CEFF5C5E29EFF8C8005D0097 /* XCRemoteSwiftPackageReference "RxSwift" */,
			);
			productRefGroup = CEFF5C1F29EFF519005D0097 /* Products */;
			projectDirPath = "";
			projectRoot = "";
			targets = (
				CEFF5C2D29EFF5B8005D0097 /* MovieDetailDemo */,
				CEFF5C4D29EFF670005D0097 /* MovieDetailFeature */,
				CE40489229F01F4700124C76 /* MovieDetailInterface */,
			);
		};
/* End PBXProject section */

/* Begin PBXResourcesBuildPhase section */
		CE40489129F01F4700124C76 /* Resources */ = {
			isa = PBXResourcesBuildPhase;
			buildActionMask = 2147483647;
			files = (
			);
			runOnlyForDeploymentPostprocessing = 0;
		};
		CEFF5C2C29EFF5B8005D0097 /* Resources */ = {
			isa = PBXResourcesBuildPhase;
			buildActionMask = 2147483647;
			files = (
				CEFF5C3D29EFF5B8005D0097 /* LaunchScreen.storyboard in Resources */,
				CEFF5C3A29EFF5B8005D0097 /* Assets.xcassets in Resources */,
				CEFF5C3829EFF5B8005D0097 /* Main.storyboard in Resources */,
			);
			runOnlyForDeploymentPostprocessing = 0;
		};
		CEFF5C4C29EFF670005D0097 /* Resources */ = {
			isa = PBXResourcesBuildPhase;
			buildActionMask = 2147483647;
			files = (
			);
			runOnlyForDeploymentPostprocessing = 0;
		};
/* End PBXResourcesBuildPhase section */

/* Begin PBXSourcesBuildPhase section */
		CE40488F29F01F4700124C76 /* Sources */ = {
			isa = PBXSourcesBuildPhase;
			buildActionMask = 2147483647;
			files = (
			);
			runOnlyForDeploymentPostprocessing = 0;
		};
		CEFF5C2A29EFF5B8005D0097 /* Sources */ = {
			isa = PBXSourcesBuildPhase;
			buildActionMask = 2147483647;
			files = (
				CEFF5C3529EFF5B8005D0097 /* ViewController.swift in Sources */,
				CEFF5C3129EFF5B8005D0097 /* AppDelegate.swift in Sources */,
				CEFF5C3329EFF5B8005D0097 /* SceneDelegate.swift in Sources */,
			);
			runOnlyForDeploymentPostprocessing = 0;
		};
		CEFF5C4A29EFF670005D0097 /* Sources */ = {
			isa = PBXSourcesBuildPhase;
			buildActionMask = 2147483647;
			files = (
			);
			runOnlyForDeploymentPostprocessing = 0;
		};
/* End PBXSourcesBuildPhase section */

/* Begin PBXVariantGroup section */
		CEFF5C3629EFF5B8005D0097 /* Main.storyboard */ = {
			isa = PBXVariantGroup;
			children = (
				CEFF5C3729EFF5B8005D0097 /* Base */,
			);
			name = Main.storyboard;
			sourceTree = "<group>";
		};
		CEFF5C3B29EFF5B8005D0097 /* LaunchScreen.storyboard */ = {
			isa = PBXVariantGroup;
			children = (
				CEFF5C3C29EFF5B8005D0097 /* Base */,
			);
			name = LaunchScreen.storyboard;
			sourceTree = "<group>";
		};
/* End PBXVariantGroup section */

/* Begin XCBuildConfiguration section */
		CE40489729F01F4700124C76 /* Debug */ = {
			isa = XCBuildConfiguration;
			buildSettings = {
				CODE_SIGN_STYLE = Automatic;
				CURRENT_PROJECT_VERSION = 1;
				DEFINES_MODULE = YES;
				DYLIB_COMPATIBILITY_VERSION = 1;
				DYLIB_CURRENT_VERSION = 1;
				DYLIB_INSTALL_NAME_BASE = "@rpath";
				ENABLE_MODULE_VERIFIER = YES;
				GENERATE_INFOPLIST_FILE = YES;
				INFOPLIST_KEY_NSHumanReadableCopyright = "";
				INSTALL_PATH = "$(LOCAL_LIBRARY_DIR)/Frameworks";
				LD_RUNPATH_SEARCH_PATHS = (
					"$(inherited)",
					"@executable_path/Frameworks",
					"@loader_path/Frameworks",
				);
				MARKETING_VERSION = 1.0;
				MODULE_VERIFIER_SUPPORTED_LANGUAGES = "objective-c objective-c++";
				MODULE_VERIFIER_SUPPORTED_LANGUAGE_STANDARDS = "gnu11 gnu++20";
				PRODUCT_BUNDLE_IDENTIFIER = com.hoang.MovieDetailInterface;
				PRODUCT_NAME = "$(TARGET_NAME:c99extidentifier)";
				SKIP_INSTALL = YES;
				SWIFT_EMIT_LOC_STRINGS = YES;
				SWIFT_VERSION = 5.0;
				TARGETED_DEVICE_FAMILY = "1,2";
			};
			name = Debug;
		};
		CE40489829F01F4700124C76 /* Release */ = {
			isa = XCBuildConfiguration;
			buildSettings = {
				CODE_SIGN_STYLE = Automatic;
				CURRENT_PROJECT_VERSION = 1;
				DEFINES_MODULE = YES;
				DYLIB_COMPATIBILITY_VERSION = 1;
				DYLIB_CURRENT_VERSION = 1;
				DYLIB_INSTALL_NAME_BASE = "@rpath";
				ENABLE_MODULE_VERIFIER = YES;
				GENERATE_INFOPLIST_FILE = YES;
				INFOPLIST_KEY_NSHumanReadableCopyright = "";
				INSTALL_PATH = "$(LOCAL_LIBRARY_DIR)/Frameworks";
				LD_RUNPATH_SEARCH_PATHS = (
					"$(inherited)",
					"@executable_path/Frameworks",
					"@loader_path/Frameworks",
				);
				MARKETING_VERSION = 1.0;
				MODULE_VERIFIER_SUPPORTED_LANGUAGES = "objective-c objective-c++";
				MODULE_VERIFIER_SUPPORTED_LANGUAGE_STANDARDS = "gnu11 gnu++20";
				PRODUCT_BUNDLE_IDENTIFIER = com.hoang.MovieDetailInterface;
				PRODUCT_NAME = "$(TARGET_NAME:c99extidentifier)";
				SKIP_INSTALL = YES;
				SWIFT_EMIT_LOC_STRINGS = YES;
				SWIFT_VERSION = 5.0;
				TARGETED_DEVICE_FAMILY = "1,2";
			};
			name = Release;
		};
		CEFF5C2329EFF519005D0097 /* Debug */ = {
			isa = XCBuildConfiguration;
			buildSettings = {
				ALWAYS_SEARCH_USER_PATHS = NO;
				CLANG_ANALYZER_NONNULL = YES;
				CLANG_ANALYZER_NUMBER_OBJECT_CONVERSION = YES_AGGRESSIVE;
				CLANG_CXX_LANGUAGE_STANDARD = "gnu++20";
				CLANG_ENABLE_MODULES = YES;
				CLANG_ENABLE_OBJC_ARC = YES;
				CLANG_ENABLE_OBJC_WEAK = YES;
				CLANG_WARN_BLOCK_CAPTURE_AUTORELEASING = YES;
				CLANG_WARN_BOOL_CONVERSION = YES;
				CLANG_WARN_COMMA = YES;
				CLANG_WARN_CONSTANT_CONVERSION = YES;
				CLANG_WARN_DEPRECATED_OBJC_IMPLEMENTATIONS = YES;
				CLANG_WARN_DIRECT_OBJC_ISA_USAGE = YES_ERROR;
				CLANG_WARN_DOCUMENTATION_COMMENTS = YES;
				CLANG_WARN_EMPTY_BODY = YES;
				CLANG_WARN_ENUM_CONVERSION = YES;
				CLANG_WARN_INFINITE_RECURSION = YES;
				CLANG_WARN_INT_CONVERSION = YES;
				CLANG_WARN_NON_LITERAL_NULL_CONVERSION = YES;
				CLANG_WARN_OBJC_IMPLICIT_RETAIN_SELF = YES;
				CLANG_WARN_OBJC_LITERAL_CONVERSION = YES;
				CLANG_WARN_OBJC_ROOT_CLASS = YES_ERROR;
				CLANG_WARN_QUOTED_INCLUDE_IN_FRAMEWORK_HEADER = YES;
				CLANG_WARN_RANGE_LOOP_ANALYSIS = YES;
				CLANG_WARN_STRICT_PROTOTYPES = YES;
				CLANG_WARN_SUSPICIOUS_MOVE = YES;
				CLANG_WARN_UNGUARDED_AVAILABILITY = YES_AGGRESSIVE;
				CLANG_WARN_UNREACHABLE_CODE = YES;
				CLANG_WARN__DUPLICATE_METHOD_MATCH = YES;
				COPY_PHASE_STRIP = NO;
				CURRENT_PROJECT_VERSION = 1;
				DEBUG_INFORMATION_FORMAT = dwarf;
				ENABLE_STRICT_OBJC_MSGSEND = YES;
				ENABLE_TESTABILITY = YES;
				GCC_C_LANGUAGE_STANDARD = gnu11;
				GCC_DYNAMIC_NO_PIC = NO;
				GCC_NO_COMMON_BLOCKS = YES;
				GCC_OPTIMIZATION_LEVEL = 0;
				GCC_PREPROCESSOR_DEFINITIONS = (
					"DEBUG=1",
					"$(inherited)",
				);
				GCC_WARN_64_TO_32_BIT_CONVERSION = YES;
				GCC_WARN_ABOUT_RETURN_TYPE = YES_ERROR;
				GCC_WARN_UNDECLARED_SELECTOR = YES;
				GCC_WARN_UNINITIALIZED_AUTOS = YES_AGGRESSIVE;
				GCC_WARN_UNUSED_FUNCTION = YES;
				GCC_WARN_UNUSED_VARIABLE = YES;
				IPHONEOS_DEPLOYMENT_TARGET = 16.4;
				MTL_ENABLE_DEBUG_INFO = INCLUDE_SOURCE;
				MTL_FAST_MATH = YES;
				ONLY_ACTIVE_ARCH = YES;
				SDKROOT = iphoneos;
				SWIFT_ACTIVE_COMPILATION_CONDITIONS = DEBUG;
				SWIFT_OPTIMIZATION_LEVEL = "-Onone";
				VERSIONING_SYSTEM = "apple-generic";
				VERSION_INFO_PREFIX = "";
			};
			name = Debug;
		};
		CEFF5C2429EFF519005D0097 /* Release */ = {
			isa = XCBuildConfiguration;
			buildSettings = {
				ALWAYS_SEARCH_USER_PATHS = NO;
				CLANG_ANALYZER_NONNULL = YES;
				CLANG_ANALYZER_NUMBER_OBJECT_CONVERSION = YES_AGGRESSIVE;
				CLANG_CXX_LANGUAGE_STANDARD = "gnu++20";
				CLANG_ENABLE_MODULES = YES;
				CLANG_ENABLE_OBJC_ARC = YES;
				CLANG_ENABLE_OBJC_WEAK = YES;
				CLANG_WARN_BLOCK_CAPTURE_AUTORELEASING = YES;
				CLANG_WARN_BOOL_CONVERSION = YES;
				CLANG_WARN_COMMA = YES;
				CLANG_WARN_CONSTANT_CONVERSION = YES;
				CLANG_WARN_DEPRECATED_OBJC_IMPLEMENTATIONS = YES;
				CLANG_WARN_DIRECT_OBJC_ISA_USAGE = YES_ERROR;
				CLANG_WARN_DOCUMENTATION_COMMENTS = YES;
				CLANG_WARN_EMPTY_BODY = YES;
				CLANG_WARN_ENUM_CONVERSION = YES;
				CLANG_WARN_INFINITE_RECURSION = YES;
				CLANG_WARN_INT_CONVERSION = YES;
				CLANG_WARN_NON_LITERAL_NULL_CONVERSION = YES;
				CLANG_WARN_OBJC_IMPLICIT_RETAIN_SELF = YES;
				CLANG_WARN_OBJC_LITERAL_CONVERSION = YES;
				CLANG_WARN_OBJC_ROOT_CLASS = YES_ERROR;
				CLANG_WARN_QUOTED_INCLUDE_IN_FRAMEWORK_HEADER = YES;
				CLANG_WARN_RANGE_LOOP_ANALYSIS = YES;
				CLANG_WARN_STRICT_PROTOTYPES = YES;
				CLANG_WARN_SUSPICIOUS_MOVE = YES;
				CLANG_WARN_UNGUARDED_AVAILABILITY = YES_AGGRESSIVE;
				CLANG_WARN_UNREACHABLE_CODE = YES;
				CLANG_WARN__DUPLICATE_METHOD_MATCH = YES;
				COPY_PHASE_STRIP = NO;
				CURRENT_PROJECT_VERSION = 1;
				DEBUG_INFORMATION_FORMAT = "dwarf-with-dsym";
				ENABLE_NS_ASSERTIONS = NO;
				ENABLE_STRICT_OBJC_MSGSEND = YES;
				GCC_C_LANGUAGE_STANDARD = gnu11;
				GCC_NO_COMMON_BLOCKS = YES;
				GCC_WARN_64_TO_32_BIT_CONVERSION = YES;
				GCC_WARN_ABOUT_RETURN_TYPE = YES_ERROR;
				GCC_WARN_UNDECLARED_SELECTOR = YES;
				GCC_WARN_UNINITIALIZED_AUTOS = YES_AGGRESSIVE;
				GCC_WARN_UNUSED_FUNCTION = YES;
				GCC_WARN_UNUSED_VARIABLE = YES;
				IPHONEOS_DEPLOYMENT_TARGET = 16.4;
				MTL_ENABLE_DEBUG_INFO = NO;
				MTL_FAST_MATH = YES;
				SDKROOT = iphoneos;
				SWIFT_COMPILATION_MODE = wholemodule;
				SWIFT_OPTIMIZATION_LEVEL = "-O";
				VALIDATE_PRODUCT = YES;
				VERSIONING_SYSTEM = "apple-generic";
				VERSION_INFO_PREFIX = "";
			};
			name = Release;
		};
		CEFF5C3F29EFF5B8005D0097 /* Debug */ = {
			isa = XCBuildConfiguration;
			buildSettings = {
				ASSETCATALOG_COMPILER_APPICON_NAME = AppIcon;
				ASSETCATALOG_COMPILER_GLOBAL_ACCENT_COLOR_NAME = AccentColor;
				CODE_SIGN_STYLE = Automatic;
				CURRENT_PROJECT_VERSION = 1;
				GENERATE_INFOPLIST_FILE = YES;
				INFOPLIST_FILE = MovieDetailDemo/Info.plist;
				INFOPLIST_KEY_UIApplicationSupportsIndirectInputEvents = YES;
				INFOPLIST_KEY_UILaunchStoryboardName = LaunchScreen;
				INFOPLIST_KEY_UIMainStoryboardFile = Main;
				INFOPLIST_KEY_UISupportedInterfaceOrientations = UIInterfaceOrientationPortrait;
				INFOPLIST_KEY_UISupportedInterfaceOrientations_iPad = "UIInterfaceOrientationLandscapeRight UIInterfaceOrientationPortrait";
				LD_RUNPATH_SEARCH_PATHS = (
					"$(inherited)",
					"@executable_path/Frameworks",
				);
				MARKETING_VERSION = 1.0;
				PRODUCT_BUNDLE_IDENTIFIER = com.hoang.MovieDetailDemo;
				PRODUCT_NAME = "$(TARGET_NAME)";
				SUPPORTED_PLATFORMS = "iphoneos iphonesimulator";
				SUPPORTS_MACCATALYST = NO;
				SUPPORTS_MAC_DESIGNED_FOR_IPHONE_IPAD = NO;
				SWIFT_EMIT_LOC_STRINGS = YES;
				SWIFT_VERSION = 5.0;
				TARGETED_DEVICE_FAMILY = 1;
			};
			name = Debug;
		};
		CEFF5C4029EFF5B8005D0097 /* Release */ = {
			isa = XCBuildConfiguration;
			buildSettings = {
				ASSETCATALOG_COMPILER_APPICON_NAME = AppIcon;
				ASSETCATALOG_COMPILER_GLOBAL_ACCENT_COLOR_NAME = AccentColor;
				CODE_SIGN_STYLE = Automatic;
				CURRENT_PROJECT_VERSION = 1;
				GENERATE_INFOPLIST_FILE = YES;
				INFOPLIST_FILE = MovieDetailDemo/Info.plist;
				INFOPLIST_KEY_UIApplicationSupportsIndirectInputEvents = YES;
				INFOPLIST_KEY_UILaunchStoryboardName = LaunchScreen;
				INFOPLIST_KEY_UIMainStoryboardFile = Main;
				INFOPLIST_KEY_UISupportedInterfaceOrientations = UIInterfaceOrientationPortrait;
				INFOPLIST_KEY_UISupportedInterfaceOrientations_iPad = "UIInterfaceOrientationLandscapeRight UIInterfaceOrientationPortrait";
				LD_RUNPATH_SEARCH_PATHS = (
					"$(inherited)",
					"@executable_path/Frameworks",
				);
				MARKETING_VERSION = 1.0;
				PRODUCT_BUNDLE_IDENTIFIER = com.hoang.MovieDetailDemo;
				PRODUCT_NAME = "$(TARGET_NAME)";
				SUPPORTED_PLATFORMS = "iphoneos iphonesimulator";
				SUPPORTS_MACCATALYST = NO;
				SUPPORTS_MAC_DESIGNED_FOR_IPHONE_IPAD = NO;
				SWIFT_EMIT_LOC_STRINGS = YES;
				SWIFT_VERSION = 5.0;
				TARGETED_DEVICE_FAMILY = 1;
			};
			name = Release;
		};
		CEFF5C5329EFF670005D0097 /* Debug */ = {
			isa = XCBuildConfiguration;
			buildSettings = {
				CODE_SIGN_STYLE = Automatic;
				CURRENT_PROJECT_VERSION = 1;
				DEFINES_MODULE = YES;
				DYLIB_COMPATIBILITY_VERSION = 1;
				DYLIB_CURRENT_VERSION = 1;
				DYLIB_INSTALL_NAME_BASE = "@rpath";
				ENABLE_MODULE_VERIFIER = YES;
				GENERATE_INFOPLIST_FILE = YES;
				INFOPLIST_KEY_NSHumanReadableCopyright = "";
				INSTALL_PATH = "$(LOCAL_LIBRARY_DIR)/Frameworks";
				LD_RUNPATH_SEARCH_PATHS = (
					"$(inherited)",
					"@executable_path/Frameworks",
					"@loader_path/Frameworks",
				);
				MARKETING_VERSION = 1.0;
				MODULE_VERIFIER_SUPPORTED_LANGUAGES = "objective-c objective-c++";
				MODULE_VERIFIER_SUPPORTED_LANGUAGE_STANDARDS = "gnu11 gnu++20";
				PRODUCT_BUNDLE_IDENTIFIER = com.hoang.MovieDetailFeature;
				PRODUCT_NAME = "$(TARGET_NAME:c99extidentifier)";
				SKIP_INSTALL = YES;
				SWIFT_EMIT_LOC_STRINGS = YES;
				SWIFT_VERSION = 5.0;
				TARGETED_DEVICE_FAMILY = "1,2";
			};
			name = Debug;
		};
		CEFF5C5429EFF670005D0097 /* Release */ = {
			isa = XCBuildConfiguration;
			buildSettings = {
				CODE_SIGN_STYLE = Automatic;
				CURRENT_PROJECT_VERSION = 1;
				DEFINES_MODULE = YES;
				DYLIB_COMPATIBILITY_VERSION = 1;
				DYLIB_CURRENT_VERSION = 1;
				DYLIB_INSTALL_NAME_BASE = "@rpath";
				ENABLE_MODULE_VERIFIER = YES;
				GENERATE_INFOPLIST_FILE = YES;
				INFOPLIST_KEY_NSHumanReadableCopyright = "";
				INSTALL_PATH = "$(LOCAL_LIBRARY_DIR)/Frameworks";
				LD_RUNPATH_SEARCH_PATHS = (
					"$(inherited)",
					"@executable_path/Frameworks",
					"@loader_path/Frameworks",
				);
				MARKETING_VERSION = 1.0;
				MODULE_VERIFIER_SUPPORTED_LANGUAGES = "objective-c objective-c++";
				MODULE_VERIFIER_SUPPORTED_LANGUAGE_STANDARDS = "gnu11 gnu++20";
				PRODUCT_BUNDLE_IDENTIFIER = com.hoang.MovieDetailFeature;
				PRODUCT_NAME = "$(TARGET_NAME:c99extidentifier)";
				SKIP_INSTALL = YES;
				SWIFT_EMIT_LOC_STRINGS = YES;
				SWIFT_VERSION = 5.0;
				TARGETED_DEVICE_FAMILY = "1,2";
			};
			name = Release;
		};
/* End XCBuildConfiguration section */

/* Begin XCConfigurationList section */
		CE40489929F01F4700124C76 /* Build configuration list for PBXNativeTarget "MovieDetailInterface" */ = {
			isa = XCConfigurationList;
			buildConfigurations = (
				CE40489729F01F4700124C76 /* Debug */,
				CE40489829F01F4700124C76 /* Release */,
			);
			defaultConfigurationIsVisible = 0;
			defaultConfigurationName = Release;
		};
		CEFF5C1829EFF519005D0097 /* Build configuration list for PBXProject "MovieDetail" */ = {
			isa = XCConfigurationList;
			buildConfigurations = (
				CEFF5C2329EFF519005D0097 /* Debug */,
				CEFF5C2429EFF519005D0097 /* Release */,
			);
			defaultConfigurationIsVisible = 0;
			defaultConfigurationName = Release;
		};
		CEFF5C4129EFF5B8005D0097 /* Build configuration list for PBXNativeTarget "MovieDetailDemo" */ = {
			isa = XCConfigurationList;
			buildConfigurations = (
				CEFF5C3F29EFF5B8005D0097 /* Debug */,
				CEFF5C4029EFF5B8005D0097 /* Release */,
			);
			defaultConfigurationIsVisible = 0;
			defaultConfigurationName = Release;
		};
		CEFF5C5229EFF670005D0097 /* Build configuration list for PBXNativeTarget "MovieDetailFeature" */ = {
			isa = XCConfigurationList;
			buildConfigurations = (
				CEFF5C5329EFF670005D0097 /* Debug */,
				CEFF5C5429EFF670005D0097 /* Release */,
			);
			defaultConfigurationIsVisible = 0;
			defaultConfigurationName = Release;
		};
/* End XCConfigurationList section */

/* Begin XCRemoteSwiftPackageReference section */
		CEFF5C5829EFF89D005D0097 /* XCRemoteSwiftPackageReference "RxDataSources" */ = {
			isa = XCRemoteSwiftPackageReference;
			repositoryURL = "https://github.com/RxSwiftCommunity/RxDataSources.git";
			requirement = {
				kind = upToNextMajorVersion;
				minimumVersion = 5.0.0;
			};
		};
		CEFF5C5B29EFF8B2005D0097 /* XCRemoteSwiftPackageReference "AlamofireImage" */ = {
			isa = XCRemoteSwiftPackageReference;
			repositoryURL = "https://github.com/Alamofire/AlamofireImage.git";
			requirement = {
				kind = upToNextMajorVersion;
				minimumVersion = 4.0.0;
			};
		};
		CEFF5C5E29EFF8C8005D0097 /* XCRemoteSwiftPackageReference "RxSwift" */ = {
			isa = XCRemoteSwiftPackageReference;
			repositoryURL = "https://github.com/ReactiveX/RxSwift.git";
			requirement = {
				kind = upToNextMajorVersion;
				minimumVersion = 6.0.0;
			};
		};
/* End XCRemoteSwiftPackageReference section */

/* Begin XCSwiftPackageProductDependency section */
		CE40489A29F0206600124C76 /* MovieDetailInterface */ = {
			isa = XCSwiftPackageProductDependency;
			productName = MovieDetailInterface;
		};
		CE9E6C4C29EFF9DE0047B91B /* MovieDetailFeature */ = {
			isa = XCSwiftPackageProductDependency;
			productName = MovieDetailFeature;
		};
		CEFF5C4329EFF5CB005D0097 /* Networking */ = {
			isa = XCSwiftPackageProductDependency;
			productName = Networking;
		};
		CEFF5C4529EFF5CB005D0097 /* NetworkingInterface */ = {
			isa = XCSwiftPackageProductDependency;
			productName = NetworkingInterface;
		};
		CEFF5C5929EFF89D005D0097 /* RxDataSources */ = {
			isa = XCSwiftPackageProductDependency;
			package = CEFF5C5829EFF89D005D0097 /* XCRemoteSwiftPackageReference "RxDataSources" */;
			productName = RxDataSources;
		};
		CEFF5C5C29EFF8B2005D0097 /* AlamofireImage */ = {
			isa = XCSwiftPackageProductDependency;
			package = CEFF5C5B29EFF8B2005D0097 /* XCRemoteSwiftPackageReference "AlamofireImage" */;
			productName = AlamofireImage;
		};
		CEFF5C5F29EFF8C9005D0097 /* RxSwift */ = {
			isa = XCSwiftPackageProductDependency;
			package = CEFF5C5E29EFF8C8005D0097 /* XCRemoteSwiftPackageReference "RxSwift" */;
			productName = RxSwift;
		};
/* End XCSwiftPackageProductDependency section */
	};
	rootObject = CEFF5C1529EFF519005D0097 /* Project object */;
}
