// !$*UTF8*$!
{
	archiveVersion = 1;
	classes = {
	};
	objectVersion = 56;
	objects = {

/* Begin PBXBuildFile section */
		CE2BF2A629E7DB56005F538C /* Networking.framework in Frameworks */ = {isa = PBXBuildFile; fileRef = CE2BF29D29E7DB56005F538C /* Networking.framework */; };
		CE2BF2C229E7DBAC005F538C /* NetworkingInterface.framework in Frameworks */ = {isa = PBXBuildFile; fileRef = CE2BF2BA29E7DBAC005F538C /* NetworkingInterface.framework */; };
		CE2BF2E429E7DD53005F538C /* NetworkingInterface.framework in Frameworks */ = {isa = PBXBuildFile; fileRef = CE2BF2BA29E7DBAC005F538C /* NetworkingInterface.framework */; };
		CE2BF2E529E7DD53005F538C /* NetworkingInterface.framework in Embed Frameworks */ = {isa = PBXBuildFile; fileRef = CE2BF2BA29E7DBAC005F538C /* NetworkingInterface.framework */; settings = {ATTRIBUTES = (CodeSignOnCopy, RemoveHeadersOnCopy, ); }; };
		CE96121929E8398C00334EB1 /* RxSwift in Frameworks */ = {isa = PBXBuildFile; productRef = CE96121829E8398C00334EB1 /* RxSwift */; settings = {ATTRIBUTES = (Required, ); }; };
		CE96122329E83C2D00334EB1 /* Networking in Frameworks */ = {isa = PBXBuildFile; productRef = CE96122229E83C2D00334EB1 /* Networking */; };
		CE96122529E83C2D00334EB1 /* NetworkingInterface in Frameworks */ = {isa = PBXBuildFile; productRef = CE96122429E83C2D00334EB1 /* NetworkingInterface */; };
/* End PBXBuildFile section */

/* Begin PBXContainerItemProxy section */
		CE2BF2A729E7DB56005F538C /* PBXContainerItemProxy */ = {
			isa = PBXContainerItemProxy;
			containerPortal = CE2BF29429E7DB56005F538C /* Project object */;
			proxyType = 1;
			remoteGlobalIDString = CE2BF29C29E7DB56005F538C;
			remoteInfo = Networking;
		};
		CE2BF2C329E7DBAC005F538C /* PBXContainerItemProxy */ = {
			isa = PBXContainerItemProxy;
			containerPortal = CE2BF29429E7DB56005F538C /* Project object */;
			proxyType = 1;
			remoteGlobalIDString = CE2BF2B929E7DBAC005F538C;
			remoteInfo = NetworkingInterface;
		};
		CE2BF2E629E7DD53005F538C /* PBXContainerItemProxy */ = {
			isa = PBXContainerItemProxy;
			containerPortal = CE2BF29429E7DB56005F538C /* Project object */;
			proxyType = 1;
			remoteGlobalIDString = CE2BF2B929E7DBAC005F538C;
			remoteInfo = NetworkingInterface;
		};
/* End PBXContainerItemProxy section */

/* Begin PBXCopyFilesBuildPhase section */
		CE2BF2E829E7DD53005F538C /* Embed Frameworks */ = {
			isa = PBXCopyFilesBuildPhase;
			buildActionMask = 2147483647;
			dstPath = "";
			dstSubfolderSpec = 10;
			files = (
				CE2BF2E529E7DD53005F538C /* NetworkingInterface.framework in Embed Frameworks */,
			);
			name = "Embed Frameworks";
			runOnlyForDeploymentPostprocessing = 0;
		};
/* End PBXCopyFilesBuildPhase section */

/* Begin PBXFileReference section */
		CE2BF29D29E7DB56005F538C /* Networking.framework */ = {isa = PBXFileReference; explicitFileType = wrapper.framework; includeInIndex = 0; path = Networking.framework; sourceTree = BUILT_PRODUCTS_DIR; };
		CE2BF2A529E7DB56005F538C /* NetworkingTests.xctest */ = {isa = PBXFileReference; explicitFileType = wrapper.cfbundle; includeInIndex = 0; path = NetworkingTests.xctest; sourceTree = BUILT_PRODUCTS_DIR; };
		CE2BF2BA29E7DBAC005F538C /* NetworkingInterface.framework */ = {isa = PBXFileReference; explicitFileType = wrapper.framework; includeInIndex = 0; path = NetworkingInterface.framework; sourceTree = BUILT_PRODUCTS_DIR; };
		CE2BF2C129E7DBAC005F538C /* NetworkingInterfaceTests.xctest */ = {isa = PBXFileReference; explicitFileType = wrapper.cfbundle; includeInIndex = 0; path = NetworkingInterfaceTests.xctest; sourceTree = BUILT_PRODUCTS_DIR; };
		CE96120729E8392000334EB1 /* NetworkingDemo.framework */ = {isa = PBXFileReference; explicitFileType = wrapper.framework; includeInIndex = 0; path = NetworkingDemo.framework; sourceTree = BUILT_PRODUCTS_DIR; };
		CEFF5B2029E841F9005D0097 /* Networking */ = {isa = PBXFileReference; lastKnownFileType = wrapper; path = Networking; sourceTree = "<group>"; };
/* End PBXFileReference section */

/* Begin PBXFrameworksBuildPhase section */
		CE2BF29A29E7DB56005F538C /* Frameworks */ = {
			isa = PBXFrameworksBuildPhase;
			buildActionMask = 2147483647;
			files = (
				CE2BF2E429E7DD53005F538C /* NetworkingInterface.framework in Frameworks */,
			);
			runOnlyForDeploymentPostprocessing = 0;
		};
		CE2BF2A229E7DB56005F538C /* Frameworks */ = {
			isa = PBXFrameworksBuildPhase;
			buildActionMask = 2147483647;
			files = (
				CE2BF2A629E7DB56005F538C /* Networking.framework in Frameworks */,
			);
			runOnlyForDeploymentPostprocessing = 0;
		};
		CE2BF2B729E7DBAC005F538C /* Frameworks */ = {
			isa = PBXFrameworksBuildPhase;
			buildActionMask = 2147483647;
			files = (
			);
			runOnlyForDeploymentPostprocessing = 0;
		};
		CE2BF2BE29E7DBAC005F538C /* Frameworks */ = {
			isa = PBXFrameworksBuildPhase;
			buildActionMask = 2147483647;
			files = (
				CE2BF2C229E7DBAC005F538C /* NetworkingInterface.framework in Frameworks */,
			);
			runOnlyForDeploymentPostprocessing = 0;
		};
		CE96120429E8392000334EB1 /* Frameworks */ = {
			isa = PBXFrameworksBuildPhase;
			buildActionMask = 2147483647;
			files = (
				CE96122329E83C2D00334EB1 /* Networking in Frameworks */,
				CE96121929E8398C00334EB1 /* RxSwift in Frameworks */,
				CE96122529E83C2D00334EB1 /* NetworkingInterface in Frameworks */,
			);
			runOnlyForDeploymentPostprocessing = 0;
		};
/* End PBXFrameworksBuildPhase section */

/* Begin PBXGroup section */
		CE2BF29329E7DB56005F538C = {
			isa = PBXGroup;
			children = (
				CEFF5B2029E841F9005D0097 /* Networking */,
				CE2BF29E29E7DB56005F538C /* Products */,
				CE2BF2DC29E7DCE2005F538C /* Frameworks */,
			);
			sourceTree = "<group>";
		};
		CE2BF29E29E7DB56005F538C /* Products */ = {
			isa = PBXGroup;
			children = (
				CE2BF29D29E7DB56005F538C /* Networking.framework */,
				CE2BF2A529E7DB56005F538C /* NetworkingTests.xctest */,
				CE2BF2BA29E7DBAC005F538C /* NetworkingInterface.framework */,
				CE2BF2C129E7DBAC005F538C /* NetworkingInterfaceTests.xctest */,
				CE96120729E8392000334EB1 /* NetworkingDemo.framework */,
			);
			name = Products;
			sourceTree = "<group>";
		};
		CE2BF2DC29E7DCE2005F538C /* Frameworks */ = {
			isa = PBXGroup;
			children = (
			);
			name = Frameworks;
			sourceTree = "<group>";
		};
/* End PBXGroup section */

/* Begin PBXHeadersBuildPhase section */
		CE2BF29829E7DB56005F538C /* Headers */ = {
			isa = PBXHeadersBuildPhase;
			buildActionMask = 2147483647;
			files = (
			);
			runOnlyForDeploymentPostprocessing = 0;
		};
		CE2BF2B529E7DBAC005F538C /* Headers */ = {
			isa = PBXHeadersBuildPhase;
			buildActionMask = 2147483647;
			files = (
			);
			runOnlyForDeploymentPostprocessing = 0;
		};
		CE96120229E8392000334EB1 /* Headers */ = {
			isa = PBXHeadersBuildPhase;
			buildActionMask = 2147483647;
			files = (
			);
			runOnlyForDeploymentPostprocessing = 0;
		};
/* End PBXHeadersBuildPhase section */

/* Begin PBXNativeTarget section */
		CE2BF29C29E7DB56005F538C /* Networking */ = {
			isa = PBXNativeTarget;
			buildConfigurationList = CE2BF2AF29E7DB56005F538C /* Build configuration list for PBXNativeTarget "Networking" */;
			buildPhases = (
				CE2BF29829E7DB56005F538C /* Headers */,
				CE2BF29929E7DB56005F538C /* Sources */,
				CE2BF29A29E7DB56005F538C /* Frameworks */,
				CE2BF29B29E7DB56005F538C /* Resources */,
				CE2BF2E829E7DD53005F538C /* Embed Frameworks */,
			);
			buildRules = (
			);
			dependencies = (
				CE2BF2E729E7DD53005F538C /* PBXTargetDependency */,
			);
			name = Networking;
			packageProductDependencies = (
			);
			productName = Networking;
			productReference = CE2BF29D29E7DB56005F538C /* Networking.framework */;
			productType = "com.apple.product-type.framework";
		};
		CE2BF2A429E7DB56005F538C /* NetworkingTests */ = {
			isa = PBXNativeTarget;
			buildConfigurationList = CE2BF2B229E7DB56005F538C /* Build configuration list for PBXNativeTarget "NetworkingTests" */;
			buildPhases = (
				CE2BF2A129E7DB56005F538C /* Sources */,
				CE2BF2A229E7DB56005F538C /* Frameworks */,
				CE2BF2A329E7DB56005F538C /* Resources */,
			);
			buildRules = (
			);
			dependencies = (
				CE2BF2A829E7DB56005F538C /* PBXTargetDependency */,
			);
			name = NetworkingTests;
			productName = NetworkingTests;
			productReference = CE2BF2A529E7DB56005F538C /* NetworkingTests.xctest */;
			productType = "com.apple.product-type.bundle.unit-test";
		};
		CE2BF2B929E7DBAC005F538C /* NetworkingInterface */ = {
			isa = PBXNativeTarget;
			buildConfigurationList = CE2BF2CD29E7DBAC005F538C /* Build configuration list for PBXNativeTarget "NetworkingInterface" */;
			buildPhases = (
				CE2BF2B529E7DBAC005F538C /* Headers */,
				CE2BF2B629E7DBAC005F538C /* Sources */,
				CE2BF2B729E7DBAC005F538C /* Frameworks */,
				CE2BF2B829E7DBAC005F538C /* Resources */,
			);
			buildRules = (
			);
			dependencies = (
			);
			name = NetworkingInterface;
			packageProductDependencies = (
			);
			productName = NetworkingInterface;
			productReference = CE2BF2BA29E7DBAC005F538C /* NetworkingInterface.framework */;
			productType = "com.apple.product-type.framework";
		};
		CE2BF2C029E7DBAC005F538C /* NetworkingInterfaceTests */ = {
			isa = PBXNativeTarget;
			buildConfigurationList = CE2BF2CE29E7DBAC005F538C /* Build configuration list for PBXNativeTarget "NetworkingInterfaceTests" */;
			buildPhases = (
				CE2BF2BD29E7DBAC005F538C /* Sources */,
				CE2BF2BE29E7DBAC005F538C /* Frameworks */,
				CE2BF2BF29E7DBAC005F538C /* Resources */,
			);
			buildRules = (
			);
			dependencies = (
				CE2BF2C429E7DBAC005F538C /* PBXTargetDependency */,
			);
			name = NetworkingInterfaceTests;
			productName = NetworkingInterfaceTests;
			productReference = CE2BF2C129E7DBAC005F538C /* NetworkingInterfaceTests.xctest */;
			productType = "com.apple.product-type.bundle.unit-test";
		};
		CE96120629E8392000334EB1 /* NetworkingDemo */ = {
			isa = PBXNativeTarget;
			buildConfigurationList = CE96120B29E8392000334EB1 /* Build configuration list for PBXNativeTarget "NetworkingDemo" */;
			buildPhases = (
				CE96120229E8392000334EB1 /* Headers */,
				CE96120329E8392000334EB1 /* Sources */,
				CE96120429E8392000334EB1 /* Frameworks */,
				CE96120529E8392000334EB1 /* Resources */,
			);
			buildRules = (
			);
			dependencies = (
			);
			name = NetworkingDemo;
			packageProductDependencies = (
				CE96121829E8398C00334EB1 /* RxSwift */,
				CE96122229E83C2D00334EB1 /* Networking */,
				CE96122429E83C2D00334EB1 /* NetworkingInterface */,
			);
			productName = Demo;
			productReference = CE96120729E8392000334EB1 /* NetworkingDemo.framework */;
			productType = "com.apple.product-type.framework";
		};
/* End PBXNativeTarget section */

/* Begin PBXProject section */
		CE2BF29429E7DB56005F538C /* Project object */ = {
			isa = PBXProject;
			attributes = {
				BuildIndependentTargetsInParallel = 1;
				LastSwiftUpdateCheck = 1430;
				LastUpgradeCheck = 1430;
				TargetAttributes = {
					CE2BF29C29E7DB56005F538C = {
						CreatedOnToolsVersion = 14.3;
					};
					CE2BF2A429E7DB56005F538C = {
						CreatedOnToolsVersion = 14.3;
					};
					CE2BF2B929E7DBAC005F538C = {
						CreatedOnToolsVersion = 14.3;
					};
					CE2BF2C029E7DBAC005F538C = {
						CreatedOnToolsVersion = 14.3;
					};
					CE96120629E8392000334EB1 = {
						CreatedOnToolsVersion = 14.3;
					};
				};
			};
			buildConfigurationList = CE2BF29729E7DB56005F538C /* Build configuration list for PBXProject "Networking" */;
			compatibilityVersion = "Xcode 14.0";
			developmentRegion = en;
			hasScannedForEncodings = 0;
			knownRegions = (
				en,
				Base,
			);
			mainGroup = CE2BF29329E7DB56005F538C;
			packageReferences = (
				CE96121729E8398C00334EB1 /* XCRemoteSwiftPackageReference "RxSwift" */,
			);
			productRefGroup = CE2BF29E29E7DB56005F538C /* Products */;
			projectDirPath = "";
			projectRoot = "";
			targets = (
				CE2BF29C29E7DB56005F538C /* Networking */,
				CE2BF2A429E7DB56005F538C /* NetworkingTests */,
				CE2BF2B929E7DBAC005F538C /* NetworkingInterface */,
				CE2BF2C029E7DBAC005F538C /* NetworkingInterfaceTests */,
				CE96120629E8392000334EB1 /* NetworkingDemo */,
			);
		};
/* End PBXProject section */

/* Begin PBXResourcesBuildPhase section */
		CE2BF29B29E7DB56005F538C /* Resources */ = {
			isa = PBXResourcesBuildPhase;
			buildActionMask = 2147483647;
			files = (
			);
			runOnlyForDeploymentPostprocessing = 0;
		};
		CE2BF2A329E7DB56005F538C /* Resources */ = {
			isa = PBXResourcesBuildPhase;
			buildActionMask = 2147483647;
			files = (
			);
			runOnlyForDeploymentPostprocessing = 0;
		};
		CE2BF2B829E7DBAC005F538C /* Resources */ = {
			isa = PBXResourcesBuildPhase;
			buildActionMask = 2147483647;
			files = (
			);
			runOnlyForDeploymentPostprocessing = 0;
		};
		CE2BF2BF29E7DBAC005F538C /* Resources */ = {
			isa = PBXResourcesBuildPhase;
			buildActionMask = 2147483647;
			files = (
			);
			runOnlyForDeploymentPostprocessing = 0;
		};
		CE96120529E8392000334EB1 /* Resources */ = {
			isa = PBXResourcesBuildPhase;
			buildActionMask = 2147483647;
			files = (
			);
			runOnlyForDeploymentPostprocessing = 0;
		};
/* End PBXResourcesBuildPhase section */

/* Begin PBXSourcesBuildPhase section */
		CE2BF29929E7DB56005F538C /* Sources */ = {
			isa = PBXSourcesBuildPhase;
			buildActionMask = 2147483647;
			files = (
			);
			runOnlyForDeploymentPostprocessing = 0;
		};
		CE2BF2A129E7DB56005F538C /* Sources */ = {
			isa = PBXSourcesBuildPhase;
			buildActionMask = 2147483647;
			files = (
			);
			runOnlyForDeploymentPostprocessing = 0;
		};
		CE2BF2B629E7DBAC005F538C /* Sources */ = {
			isa = PBXSourcesBuildPhase;
			buildActionMask = 2147483647;
			files = (
			);
			runOnlyForDeploymentPostprocessing = 0;
		};
		CE2BF2BD29E7DBAC005F538C /* Sources */ = {
			isa = PBXSourcesBuildPhase;
			buildActionMask = 2147483647;
			files = (
			);
			runOnlyForDeploymentPostprocessing = 0;
		};
		CE96120329E8392000334EB1 /* Sources */ = {
			isa = PBXSourcesBuildPhase;
			buildActionMask = 2147483647;
			files = (
			);
			runOnlyForDeploymentPostprocessing = 0;
		};
/* End PBXSourcesBuildPhase section */

/* Begin PBXTargetDependency section */
		CE2BF2A829E7DB56005F538C /* PBXTargetDependency */ = {
			isa = PBXTargetDependency;
			target = CE2BF29C29E7DB56005F538C /* Networking */;
			targetProxy = CE2BF2A729E7DB56005F538C /* PBXContainerItemProxy */;
		};
		CE2BF2C429E7DBAC005F538C /* PBXTargetDependency */ = {
			isa = PBXTargetDependency;
			target = CE2BF2B929E7DBAC005F538C /* NetworkingInterface */;
			targetProxy = CE2BF2C329E7DBAC005F538C /* PBXContainerItemProxy */;
		};
		CE2BF2E729E7DD53005F538C /* PBXTargetDependency */ = {
			isa = PBXTargetDependency;
			target = CE2BF2B929E7DBAC005F538C /* NetworkingInterface */;
			targetProxy = CE2BF2E629E7DD53005F538C /* PBXContainerItemProxy */;
		};
/* End PBXTargetDependency section */

/* Begin XCBuildConfiguration section */
		CE2BF2AD29E7DB56005F538C /* Debug */ = {
			isa = XCBuildConfiguration;
			buildSettings = {
				ALWAYS_SEARCH_USER_PATHS = NO;
				CLANG_ANALYZER_NONNULL = YES;
				CLANG_ANALYZER_NUMBER_OBJECT_CONVERSION = YES_AGGRESSIVE;
				CLANG_CXX_LANGUAGE_STANDARD = "gnu++20";
				CLANG_ENABLE_MODULES = YES;
				CLANG_ENABLE_OBJC_ARC = YES;
				CLANG_ENABLE_OBJC_WEAK = YES;
				CLANG_WARN_BLOCK_CAPTURE_AUTORELEASING = YES;
				CLANG_WARN_BOOL_CONVERSION = YES;
				CLANG_WARN_COMMA = YES;
				CLANG_WARN_CONSTANT_CONVERSION = YES;
				CLANG_WARN_DEPRECATED_OBJC_IMPLEMENTATIONS = YES;
				CLANG_WARN_DIRECT_OBJC_ISA_USAGE = YES_ERROR;
				CLANG_WARN_DOCUMENTATION_COMMENTS = YES;
				CLANG_WARN_EMPTY_BODY = YES;
				CLANG_WARN_ENUM_CONVERSION = YES;
				CLANG_WARN_INFINITE_RECURSION = YES;
				CLANG_WARN_INT_CONVERSION = YES;
				CLANG_WARN_NON_LITERAL_NULL_CONVERSION = YES;
				CLANG_WARN_OBJC_IMPLICIT_RETAIN_SELF = YES;
				CLANG_WARN_OBJC_LITERAL_CONVERSION = YES;
				CLANG_WARN_OBJC_ROOT_CLASS = YES_ERROR;
				CLANG_WARN_QUOTED_INCLUDE_IN_FRAMEWORK_HEADER = YES;
				CLANG_WARN_RANGE_LOOP_ANALYSIS = YES;
				CLANG_WARN_STRICT_PROTOTYPES = YES;
				CLANG_WARN_SUSPICIOUS_MOVE = YES;
				CLANG_WARN_UNGUARDED_AVAILABILITY = YES_AGGRESSIVE;
				CLANG_WARN_UNREACHABLE_CODE = YES;
				CLANG_WARN__DUPLICATE_METHOD_MATCH = YES;
				COPY_PHASE_STRIP = NO;
				CURRENT_PROJECT_VERSION = 1;
				DEBUG_INFORMATION_FORMAT = dwarf;
				ENABLE_STRICT_OBJC_MSGSEND = YES;
				ENABLE_TESTABILITY = YES;
				GCC_C_LANGUAGE_STANDARD = gnu11;
				GCC_DYNAMIC_NO_PIC = NO;
				GCC_NO_COMMON_BLOCKS = YES;
				GCC_OPTIMIZATION_LEVEL = 0;
				GCC_PREPROCESSOR_DEFINITIONS = (
					"DEBUG=1",
					"$(inherited)",
				);
				GCC_WARN_64_TO_32_BIT_CONVERSION = YES;
				GCC_WARN_ABOUT_RETURN_TYPE = YES_ERROR;
				GCC_WARN_UNDECLARED_SELECTOR = YES;
				GCC_WARN_UNINITIALIZED_AUTOS = YES_AGGRESSIVE;
				GCC_WARN_UNUSED_FUNCTION = YES;
				GCC_WARN_UNUSED_VARIABLE = YES;
				IPHONEOS_DEPLOYMENT_TARGET = 16.4;
				MTL_ENABLE_DEBUG_INFO = INCLUDE_SOURCE;
				MTL_FAST_MATH = YES;
				ONLY_ACTIVE_ARCH = YES;
				SDKROOT = iphoneos;
				SWIFT_ACTIVE_COMPILATION_CONDITIONS = DEBUG;
				SWIFT_OPTIMIZATION_LEVEL = "-Onone";
				VERSIONING_SYSTEM = "apple-generic";
				VERSION_INFO_PREFIX = "";
			};
			name = Debug;
		};
		CE2BF2AE29E7DB56005F538C /* Release */ = {
			isa = XCBuildConfiguration;
			buildSettings = {
				ALWAYS_SEARCH_USER_PATHS = NO;
				CLANG_ANALYZER_NONNULL = YES;
				CLANG_ANALYZER_NUMBER_OBJECT_CONVERSION = YES_AGGRESSIVE;
				CLANG_CXX_LANGUAGE_STANDARD = "gnu++20";
				CLANG_ENABLE_MODULES = YES;
				CLANG_ENABLE_OBJC_ARC = YES;
				CLANG_ENABLE_OBJC_WEAK = YES;
				CLANG_WARN_BLOCK_CAPTURE_AUTORELEASING = YES;
				CLANG_WARN_BOOL_CONVERSION = YES;
				CLANG_WARN_COMMA = YES;
				CLANG_WARN_CONSTANT_CONVERSION = YES;
				CLANG_WARN_DEPRECATED_OBJC_IMPLEMENTATIONS = YES;
				CLANG_WARN_DIRECT_OBJC_ISA_USAGE = YES_ERROR;
				CLANG_WARN_DOCUMENTATION_COMMENTS = YES;
				CLANG_WARN_EMPTY_BODY = YES;
				CLANG_WARN_ENUM_CONVERSION = YES;
				CLANG_WARN_INFINITE_RECURSION = YES;
				CLANG_WARN_INT_CONVERSION = YES;
				CLANG_WARN_NON_LITERAL_NULL_CONVERSION = YES;
				CLANG_WARN_OBJC_IMPLICIT_RETAIN_SELF = YES;
				CLANG_WARN_OBJC_LITERAL_CONVERSION = YES;
				CLANG_WARN_OBJC_ROOT_CLASS = YES_ERROR;
				CLANG_WARN_QUOTED_INCLUDE_IN_FRAMEWORK_HEADER = YES;
				CLANG_WARN_RANGE_LOOP_ANALYSIS = YES;
				CLANG_WARN_STRICT_PROTOTYPES = YES;
				CLANG_WARN_SUSPICIOUS_MOVE = YES;
				CLANG_WARN_UNGUARDED_AVAILABILITY = YES_AGGRESSIVE;
				CLANG_WARN_UNREACHABLE_CODE = YES;
				CLANG_WARN__DUPLICATE_METHOD_MATCH = YES;
				COPY_PHASE_STRIP = NO;
				CURRENT_PROJECT_VERSION = 1;
				DEBUG_INFORMATION_FORMAT = "dwarf-with-dsym";
				ENABLE_NS_ASSERTIONS = NO;
				ENABLE_STRICT_OBJC_MSGSEND = YES;
				GCC_C_LANGUAGE_STANDARD = gnu11;
				GCC_NO_COMMON_BLOCKS = YES;
				GCC_WARN_64_TO_32_BIT_CONVERSION = YES;
				GCC_WARN_ABOUT_RETURN_TYPE = YES_ERROR;
				GCC_WARN_UNDECLARED_SELECTOR = YES;
				GCC_WARN_UNINITIALIZED_AUTOS = YES_AGGRESSIVE;
				GCC_WARN_UNUSED_FUNCTION = YES;
				GCC_WARN_UNUSED_VARIABLE = YES;
				IPHONEOS_DEPLOYMENT_TARGET = 16.4;
				MTL_ENABLE_DEBUG_INFO = NO;
				MTL_FAST_MATH = YES;
				SDKROOT = iphoneos;
				SWIFT_COMPILATION_MODE = wholemodule;
				SWIFT_OPTIMIZATION_LEVEL = "-O";
				VALIDATE_PRODUCT = YES;
				VERSIONING_SYSTEM = "apple-generic";
				VERSION_INFO_PREFIX = "";
			};
			name = Release;
		};
		CE2BF2B029E7DB56005F538C /* Debug */ = {
			isa = XCBuildConfiguration;
			buildSettings = {
				CODE_SIGN_STYLE = Automatic;
				CURRENT_PROJECT_VERSION = 1;
				DEFINES_MODULE = YES;
				DYLIB_COMPATIBILITY_VERSION = 1;
				DYLIB_CURRENT_VERSION = 1;
				DYLIB_INSTALL_NAME_BASE = "@rpath";
				ENABLE_MODULE_VERIFIER = YES;
				GENERATE_INFOPLIST_FILE = YES;
				INFOPLIST_KEY_NSHumanReadableCopyright = "";
				INSTALL_PATH = "$(LOCAL_LIBRARY_DIR)/Frameworks";
				LD_RUNPATH_SEARCH_PATHS = (
					"$(inherited)",
					"@executable_path/Frameworks",
					"@loader_path/Frameworks",
				);
				MARKETING_VERSION = 1.0;
				MODULE_VERIFIER_SUPPORTED_LANGUAGES = "objective-c objective-c++";
				MODULE_VERIFIER_SUPPORTED_LANGUAGE_STANDARDS = "gnu11 gnu++20";
				PRODUCT_BUNDLE_IDENTIFIER = com.hoang.Networking;
				PRODUCT_NAME = "$(TARGET_NAME:c99extidentifier)";
				SKIP_INSTALL = YES;
				SWIFT_EMIT_LOC_STRINGS = YES;
				SWIFT_VERSION = 5.0;
				TARGETED_DEVICE_FAMILY = "1,2";
			};
			name = Debug;
		};
		CE2BF2B129E7DB56005F538C /* Release */ = {
			isa = XCBuildConfiguration;
			buildSettings = {
				CODE_SIGN_STYLE = Automatic;
				CURRENT_PROJECT_VERSION = 1;
				DEFINES_MODULE = YES;
				DYLIB_COMPATIBILITY_VERSION = 1;
				DYLIB_CURRENT_VERSION = 1;
				DYLIB_INSTALL_NAME_BASE = "@rpath";
				ENABLE_MODULE_VERIFIER = YES;
				GENERATE_INFOPLIST_FILE = YES;
				INFOPLIST_KEY_NSHumanReadableCopyright = "";
				INSTALL_PATH = "$(LOCAL_LIBRARY_DIR)/Frameworks";
				LD_RUNPATH_SEARCH_PATHS = (
					"$(inherited)",
					"@executable_path/Frameworks",
					"@loader_path/Frameworks",
				);
				MARKETING_VERSION = 1.0;
				MODULE_VERIFIER_SUPPORTED_LANGUAGES = "objective-c objective-c++";
				MODULE_VERIFIER_SUPPORTED_LANGUAGE_STANDARDS = "gnu11 gnu++20";
				PRODUCT_BUNDLE_IDENTIFIER = com.hoang.Networking;
				PRODUCT_NAME = "$(TARGET_NAME:c99extidentifier)";
				SKIP_INSTALL = YES;
				SWIFT_EMIT_LOC_STRINGS = YES;
				SWIFT_VERSION = 5.0;
				TARGETED_DEVICE_FAMILY = "1,2";
			};
			name = Release;
		};
		CE2BF2B329E7DB56005F538C /* Debug */ = {
			isa = XCBuildConfiguration;
			buildSettings = {
				CODE_SIGN_STYLE = Automatic;
				CURRENT_PROJECT_VERSION = 1;
				GENERATE_INFOPLIST_FILE = YES;
				MARKETING_VERSION = 1.0;
				PRODUCT_BUNDLE_IDENTIFIER = com.hoang.NetworkingTests;
				PRODUCT_NAME = "$(TARGET_NAME)";
				SWIFT_EMIT_LOC_STRINGS = NO;
				SWIFT_VERSION = 5.0;
				TARGETED_DEVICE_FAMILY = "1,2";
			};
			name = Debug;
		};
		CE2BF2B429E7DB56005F538C /* Release */ = {
			isa = XCBuildConfiguration;
			buildSettings = {
				CODE_SIGN_STYLE = Automatic;
				CURRENT_PROJECT_VERSION = 1;
				GENERATE_INFOPLIST_FILE = YES;
				MARKETING_VERSION = 1.0;
				PRODUCT_BUNDLE_IDENTIFIER = com.hoang.NetworkingTests;
				PRODUCT_NAME = "$(TARGET_NAME)";
				SWIFT_EMIT_LOC_STRINGS = NO;
				SWIFT_VERSION = 5.0;
				TARGETED_DEVICE_FAMILY = "1,2";
			};
			name = Release;
		};
		CE2BF2C929E7DBAC005F538C /* Debug */ = {
			isa = XCBuildConfiguration;
			buildSettings = {
				CODE_SIGN_STYLE = Automatic;
				CURRENT_PROJECT_VERSION = 1;
				DEFINES_MODULE = YES;
				DYLIB_COMPATIBILITY_VERSION = 1;
				DYLIB_CURRENT_VERSION = 1;
				DYLIB_INSTALL_NAME_BASE = "@rpath";
				ENABLE_MODULE_VERIFIER = YES;
				GENERATE_INFOPLIST_FILE = YES;
				INFOPLIST_KEY_NSHumanReadableCopyright = "";
				INSTALL_PATH = "$(LOCAL_LIBRARY_DIR)/Frameworks";
				LD_RUNPATH_SEARCH_PATHS = (
					"$(inherited)",
					"@executable_path/Frameworks",
					"@loader_path/Frameworks",
				);
				MARKETING_VERSION = 1.0;
				MODULE_VERIFIER_SUPPORTED_LANGUAGES = "objective-c objective-c++";
				MODULE_VERIFIER_SUPPORTED_LANGUAGE_STANDARDS = "gnu11 gnu++20";
				PRODUCT_BUNDLE_IDENTIFIER = com.hoang.NetworkingInterface;
				PRODUCT_NAME = "$(TARGET_NAME:c99extidentifier)";
				SKIP_INSTALL = YES;
				SWIFT_EMIT_LOC_STRINGS = YES;
				SWIFT_VERSION = 5.0;
				TARGETED_DEVICE_FAMILY = "1,2";
			};
			name = Debug;
		};
		CE2BF2CA29E7DBAC005F538C /* Release */ = {
			isa = XCBuildConfiguration;
			buildSettings = {
				CODE_SIGN_STYLE = Automatic;
				CURRENT_PROJECT_VERSION = 1;
				DEFINES_MODULE = YES;
				DYLIB_COMPATIBILITY_VERSION = 1;
				DYLIB_CURRENT_VERSION = 1;
				DYLIB_INSTALL_NAME_BASE = "@rpath";
				ENABLE_MODULE_VERIFIER = YES;
				GENERATE_INFOPLIST_FILE = YES;
				INFOPLIST_KEY_NSHumanReadableCopyright = "";
				INSTALL_PATH = "$(LOCAL_LIBRARY_DIR)/Frameworks";
				LD_RUNPATH_SEARCH_PATHS = (
					"$(inherited)",
					"@executable_path/Frameworks",
					"@loader_path/Frameworks",
				);
				MARKETING_VERSION = 1.0;
				MODULE_VERIFIER_SUPPORTED_LANGUAGES = "objective-c objective-c++";
				MODULE_VERIFIER_SUPPORTED_LANGUAGE_STANDARDS = "gnu11 gnu++20";
				PRODUCT_BUNDLE_IDENTIFIER = com.hoang.NetworkingInterface;
				PRODUCT_NAME = "$(TARGET_NAME:c99extidentifier)";
				SKIP_INSTALL = YES;
				SWIFT_EMIT_LOC_STRINGS = YES;
				SWIFT_VERSION = 5.0;
				TARGETED_DEVICE_FAMILY = "1,2";
			};
			name = Release;
		};
		CE2BF2CB29E7DBAC005F538C /* Debug */ = {
			isa = XCBuildConfiguration;
			buildSettings = {
				CODE_SIGN_STYLE = Automatic;
				CURRENT_PROJECT_VERSION = 1;
				GENERATE_INFOPLIST_FILE = YES;
				MARKETING_VERSION = 1.0;
				PRODUCT_BUNDLE_IDENTIFIER = com.hoang.NetworkingInterfaceTests;
				PRODUCT_NAME = "$(TARGET_NAME)";
				SWIFT_EMIT_LOC_STRINGS = NO;
				SWIFT_VERSION = 5.0;
				TARGETED_DEVICE_FAMILY = "1,2";
			};
			name = Debug;
		};
		CE2BF2CC29E7DBAC005F538C /* Release */ = {
			isa = XCBuildConfiguration;
			buildSettings = {
				CODE_SIGN_STYLE = Automatic;
				CURRENT_PROJECT_VERSION = 1;
				GENERATE_INFOPLIST_FILE = YES;
				MARKETING_VERSION = 1.0;
				PRODUCT_BUNDLE_IDENTIFIER = com.hoang.NetworkingInterfaceTests;
				PRODUCT_NAME = "$(TARGET_NAME)";
				SWIFT_EMIT_LOC_STRINGS = NO;
				SWIFT_VERSION = 5.0;
				TARGETED_DEVICE_FAMILY = "1,2";
			};
			name = Release;
		};
		CE96120C29E8392000334EB1 /* Debug */ = {
			isa = XCBuildConfiguration;
			buildSettings = {
				CODE_SIGN_STYLE = Automatic;
				CURRENT_PROJECT_VERSION = 1;
				DEFINES_MODULE = YES;
				DYLIB_COMPATIBILITY_VERSION = 1;
				DYLIB_CURRENT_VERSION = 1;
				DYLIB_INSTALL_NAME_BASE = "@rpath";
				ENABLE_MODULE_VERIFIER = YES;
				GENERATE_INFOPLIST_FILE = YES;
				INFOPLIST_KEY_NSHumanReadableCopyright = "";
				INSTALL_PATH = "$(LOCAL_LIBRARY_DIR)/Frameworks";
				LD_RUNPATH_SEARCH_PATHS = (
					"$(inherited)",
					"@executable_path/Frameworks",
					"@loader_path/Frameworks",
				);
				MARKETING_VERSION = 1.0;
				MODULE_VERIFIER_SUPPORTED_LANGUAGES = "objective-c objective-c++";
				MODULE_VERIFIER_SUPPORTED_LANGUAGE_STANDARDS = "gnu11 gnu++20";
				PRODUCT_BUNDLE_IDENTIFIER = com.hoang.Demo;
				PRODUCT_NAME = "$(TARGET_NAME:c99extidentifier)";
				SKIP_INSTALL = YES;
				SWIFT_EMIT_LOC_STRINGS = YES;
				SWIFT_VERSION = 5.0;
				TARGETED_DEVICE_FAMILY = "1,2";
			};
			name = Debug;
		};
		CE96120D29E8392000334EB1 /* Release */ = {
			isa = XCBuildConfiguration;
			buildSettings = {
				CODE_SIGN_STYLE = Automatic;
				CURRENT_PROJECT_VERSION = 1;
				DEFINES_MODULE = YES;
				DYLIB_COMPATIBILITY_VERSION = 1;
				DYLIB_CURRENT_VERSION = 1;
				DYLIB_INSTALL_NAME_BASE = "@rpath";
				ENABLE_MODULE_VERIFIER = YES;
				GENERATE_INFOPLIST_FILE = YES;
				INFOPLIST_KEY_NSHumanReadableCopyright = "";
				INSTALL_PATH = "$(LOCAL_LIBRARY_DIR)/Frameworks";
				LD_RUNPATH_SEARCH_PATHS = (
					"$(inherited)",
					"@executable_path/Frameworks",
					"@loader_path/Frameworks",
				);
				MARKETING_VERSION = 1.0;
				MODULE_VERIFIER_SUPPORTED_LANGUAGES = "objective-c objective-c++";
				MODULE_VERIFIER_SUPPORTED_LANGUAGE_STANDARDS = "gnu11 gnu++20";
				PRODUCT_BUNDLE_IDENTIFIER = com.hoang.Demo;
				PRODUCT_NAME = "$(TARGET_NAME:c99extidentifier)";
				SKIP_INSTALL = YES;
				SWIFT_EMIT_LOC_STRINGS = YES;
				SWIFT_VERSION = 5.0;
				TARGETED_DEVICE_FAMILY = "1,2";
			};
			name = Release;
		};
/* End XCBuildConfiguration section */

/* Begin XCConfigurationList section */
		CE2BF29729E7DB56005F538C /* Build configuration list for PBXProject "Networking" */ = {
			isa = XCConfigurationList;
			buildConfigurations = (
				CE2BF2AD29E7DB56005F538C /* Debug */,
				CE2BF2AE29E7DB56005F538C /* Release */,
			);
			defaultConfigurationIsVisible = 0;
			defaultConfigurationName = Release;
		};
		CE2BF2AF29E7DB56005F538C /* Build configuration list for PBXNativeTarget "Networking" */ = {
			isa = XCConfigurationList;
			buildConfigurations = (
				CE2BF2B029E7DB56005F538C /* Debug */,
				CE2BF2B129E7DB56005F538C /* Release */,
			);
			defaultConfigurationIsVisible = 0;
			defaultConfigurationName = Release;
		};
		CE2BF2B229E7DB56005F538C /* Build configuration list for PBXNativeTarget "NetworkingTests" */ = {
			isa = XCConfigurationList;
			buildConfigurations = (
				CE2BF2B329E7DB56005F538C /* Debug */,
				CE2BF2B429E7DB56005F538C /* Release */,
			);
			defaultConfigurationIsVisible = 0;
			defaultConfigurationName = Release;
		};
		CE2BF2CD29E7DBAC005F538C /* Build configuration list for PBXNativeTarget "NetworkingInterface" */ = {
			isa = XCConfigurationList;
			buildConfigurations = (
				CE2BF2C929E7DBAC005F538C /* Debug */,
				CE2BF2CA29E7DBAC005F538C /* Release */,
			);
			defaultConfigurationIsVisible = 0;
			defaultConfigurationName = Release;
		};
		CE2BF2CE29E7DBAC005F538C /* Build configuration list for PBXNativeTarget "NetworkingInterfaceTests" */ = {
			isa = XCConfigurationList;
			buildConfigurations = (
				CE2BF2CB29E7DBAC005F538C /* Debug */,
				CE2BF2CC29E7DBAC005F538C /* Release */,
			);
			defaultConfigurationIsVisible = 0;
			defaultConfigurationName = Release;
		};
		CE96120B29E8392000334EB1 /* Build configuration list for PBXNativeTarget "NetworkingDemo" */ = {
			isa = XCConfigurationList;
			buildConfigurations = (
				CE96120C29E8392000334EB1 /* Debug */,
				CE96120D29E8392000334EB1 /* Release */,
			);
			defaultConfigurationIsVisible = 0;
			defaultConfigurationName = Release;
		};
/* End XCConfigurationList section */

/* Begin XCRemoteSwiftPackageReference section */
		CE96121729E8398C00334EB1 /* XCRemoteSwiftPackageReference "RxSwift" */ = {
			isa = XCRemoteSwiftPackageReference;
			repositoryURL = "https://github.com/ReactiveX/RxSwift.git";
			requirement = {
				kind = upToNextMajorVersion;
				minimumVersion = 6.0.0;
			};
		};
/* End XCRemoteSwiftPackageReference section */

/* Begin XCSwiftPackageProductDependency section */
		CE96121829E8398C00334EB1 /* RxSwift */ = {
			isa = XCSwiftPackageProductDependency;
			package = CE96121729E8398C00334EB1 /* XCRemoteSwiftPackageReference "RxSwift" */;
			productName = RxSwift;
		};
		CE96122229E83C2D00334EB1 /* Networking */ = {
			isa = XCSwiftPackageProductDependency;
			productName = Networking;
		};
		CE96122429E83C2D00334EB1 /* NetworkingInterface */ = {
			isa = XCSwiftPackageProductDependency;
			productName = NetworkingInterface;
		};
/* End XCSwiftPackageProductDependency section */
	};
	rootObject = CE2BF29429E7DB56005F538C /* Project object */;
}
