// !$*UTF8*$!
{
	archiveVersion = 1;
	classes = {
	};
	objectVersion = 56;
	objects = {

/* Begin PBXBuildFile section */
		CE15581229E2984300A8666A /* AppCoordinator.swift in Sources */ = {isa = PBXBuildFile; fileRef = CE15581129E2984300A8666A /* AppCoordinator.swift */; };
		CE15581429E298F900A8666A /* AppDIContainer.swift in Sources */ = {isa = PBXBuildFile; fileRef = CE15581329E298F900A8666A /* AppDIContainer.swift */; };
		CE40488D29F01D3D00124C76 /* MovieDetailFeature in Frameworks */ = {isa = PBXBuildFile; productRef = CE40488C29F01D3D00124C76 /* MovieDetailFeature */; };
		CE40489D29F0224500124C76 /* MovieDetailInterface in Frameworks */ = {isa = PBXBuildFile; productRef = CE40489C29F0224500124C76 /* MovieDetailInterface */; };
		CE44320A29F12F62004E1E41 /* MoviePopularFeature in Frameworks */ = {isa = PBXBuildFile; productRef = CE44320929F12F62004E1E41 /* MoviePopularFeature */; };
		CE44320C29F12F62004E1E41 /* MoviePopularInterface in Frameworks */ = {isa = PBXBuildFile; productRef = CE44320B29F12F62004E1E41 /* MoviePopularInterface */; };
		CE44320E29F12F62004E1E41 /* MovieSearchFeature in Frameworks */ = {isa = PBXBuildFile; productRef = CE44320D29F12F62004E1E41 /* MovieSearchFeature */; };
		CE44321029F12F62004E1E41 /* MovieSearchInterface in Frameworks */ = {isa = PBXBuildFile; productRef = CE44320F29F12F62004E1E41 /* MovieSearchInterface */; };
		CE9611FE29E8372200334EB1 /* Networking in Frameworks */ = {isa = PBXBuildFile; productRef = CE9611FD29E8372200334EB1 /* Networking */; };
		CE96120029E8372200334EB1 /* NetworkingInterface in Frameworks */ = {isa = PBXBuildFile; productRef = CE9611FF29E8372200334EB1 /* NetworkingInterface */; };
		CEA2D0D229D9349E00668907 /* AppDelegate.swift in Sources */ = {isa = PBXBuildFile; fileRef = CEA2D0D129D9349E00668907 /* AppDelegate.swift */; };
		CEA2D0D429D9349E00668907 /* SceneDelegate.swift in Sources */ = {isa = PBXBuildFile; fileRef = CEA2D0D329D9349E00668907 /* SceneDelegate.swift */; };
		CEA2D0DB29D9349E00668907 /* Assets.xcassets in Resources */ = {isa = PBXBuildFile; fileRef = CEA2D0DA29D9349E00668907 /* Assets.xcassets */; };
		CEA2D0DE29D9349E00668907 /* LaunchScreen.storyboard in Resources */ = {isa = PBXBuildFile; fileRef = CEA2D0DC29D9349E00668907 /* LaunchScreen.storyboard */; };
		CEA2D0E929D9349F00668907 /* PopcornTests.swift in Sources */ = {isa = PBXBuildFile; fileRef = CEA2D0E829D9349F00668907 /* PopcornTests.swift */; };
		CEA2D16329DAA44800668907 /* AppConfiguration.swift in Sources */ = {isa = PBXBuildFile; fileRef = CEA2D16229DAA44800668907 /* AppConfiguration.swift */; };
/* End PBXBuildFile section */

/* Begin PBXContainerItemProxy section */
		CEA2D0E529D9349F00668907 /* PBXContainerItemProxy */ = {
			isa = PBXContainerItemProxy;
			containerPortal = CEA2D0C629D9349E00668907 /* Project object */;
			proxyType = 1;
			remoteGlobalIDString = CEA2D0CD29D9349E00668907;
			remoteInfo = Popcorn;
		};
/* End PBXContainerItemProxy section */

/* Begin PBXFileReference section */
		CE15581129E2984300A8666A /* AppCoordinator.swift */ = {isa = PBXFileReference; lastKnownFileType = sourcecode.swift; path = AppCoordinator.swift; sourceTree = "<group>"; };
		CE15581329E298F900A8666A /* AppDIContainer.swift */ = {isa = PBXFileReference; lastKnownFileType = sourcecode.swift; path = AppDIContainer.swift; sourceTree = "<group>"; };
		CE2BF2EA29E7DDB8005F538C /* Networking.framework */ = {isa = PBXFileReference; explicitFileType = wrapper.framework; path = Networking.framework; sourceTree = BUILT_PRODUCTS_DIR; };
		CE2BF2EB29E7DDB8005F538C /* NetworkingInterface.framework */ = {isa = PBXFileReference; explicitFileType = wrapper.framework; path = NetworkingInterface.framework; sourceTree = BUILT_PRODUCTS_DIR; };
		CE40488729F01D1B00124C76 /* MovieDetailFeature */ = {isa = PBXFileReference; lastKnownFileType = wrapper; name = MovieDetailFeature; path = ../MovieDetail/MovieDetailFeature; sourceTree = "<group>"; };
		CE40488829F01D3200124C76 /* MovieDetailFeature.framework */ = {isa = PBXFileReference; explicitFileType = wrapper.framework; path = MovieDetailFeature.framework; sourceTree = BUILT_PRODUCTS_DIR; };
		CE44320729F12EC0004E1E41 /* MovieSearchFeature */ = {isa = PBXFileReference; lastKnownFileType = wrapper; name = MovieSearchFeature; path = ../MovieSearch/MovieSearchFeature; sourceTree = "<group>"; };
		CE44320829F12ED1004E1E41 /* MoviePopularFeature */ = {isa = PBXFileReference; lastKnownFileType = wrapper; name = MoviePopularFeature; path = ../MoviePopular/MoviePopularFeature; sourceTree = "<group>"; };
		CEA2D0CE29D9349E00668907 /* Popcorn.app */ = {isa = PBXFileReference; explicitFileType = wrapper.application; includeInIndex = 0; path = Popcorn.app; sourceTree = BUILT_PRODUCTS_DIR; };
		CEA2D0D129D9349E00668907 /* AppDelegate.swift */ = {isa = PBXFileReference; lastKnownFileType = sourcecode.swift; path = AppDelegate.swift; sourceTree = "<group>"; };
		CEA2D0D329D9349E00668907 /* SceneDelegate.swift */ = {isa = PBXFileReference; lastKnownFileType = sourcecode.swift; path = SceneDelegate.swift; sourceTree = "<group>"; };
		CEA2D0DA29D9349E00668907 /* Assets.xcassets */ = {isa = PBXFileReference; lastKnownFileType = folder.assetcatalog; path = Assets.xcassets; sourceTree = "<group>"; };
		CEA2D0DD29D9349E00668907 /* Base */ = {isa = PBXFileReference; lastKnownFileType = file.storyboard; name = Base; path = Base.lproj/LaunchScreen.storyboard; sourceTree = "<group>"; };
		CEA2D0DF29D9349E00668907 /* Info.plist */ = {isa = PBXFileReference; lastKnownFileType = text.plist.xml; path = Info.plist; sourceTree = "<group>"; };
		CEA2D0E429D9349F00668907 /* PopcornTests.xctest */ = {isa = PBXFileReference; explicitFileType = wrapper.cfbundle; includeInIndex = 0; path = PopcornTests.xctest; sourceTree = BUILT_PRODUCTS_DIR; };
		CEA2D0E829D9349F00668907 /* PopcornTests.swift */ = {isa = PBXFileReference; lastKnownFileType = sourcecode.swift; path = PopcornTests.swift; sourceTree = "<group>"; };
		CEA2D11129D93B1200668907 /* Popcorn.xctestplan */ = {isa = PBXFileReference; lastKnownFileType = text; path = Popcorn.xctestplan; sourceTree = "<group>"; };
		CEA2D16229DAA44800668907 /* AppConfiguration.swift */ = {isa = PBXFileReference; lastKnownFileType = sourcecode.swift; path = AppConfiguration.swift; sourceTree = "<group>"; };
		CEABB02229E7E27900BF56E1 /* Networking */ = {isa = PBXFileReference; lastKnownFileType = folder; name = Networking; path = ../Networking; sourceTree = "<group>"; };
		CEABB02329E7E29A00BF56E1 /* Networking.framework */ = {isa = PBXFileReference; explicitFileType = wrapper.framework; path = Networking.framework; sourceTree = BUILT_PRODUCTS_DIR; };
		CEABB02429E7E29A00BF56E1 /* NetworkingInterface.framework */ = {isa = PBXFileReference; explicitFileType = wrapper.framework; path = NetworkingInterface.framework; sourceTree = BUILT_PRODUCTS_DIR; };
		CEABB04229E835A400BF56E1 /* Networking.framework */ = {isa = PBXFileReference; explicitFileType = wrapper.framework; path = Networking.framework; sourceTree = BUILT_PRODUCTS_DIR; };
		CEABB04329E835A400BF56E1 /* NetworkingInterface.framework */ = {isa = PBXFileReference; explicitFileType = wrapper.framework; path = NetworkingInterface.framework; sourceTree = BUILT_PRODUCTS_DIR; };
		CEFF5B1D29E84112005D0097 /* Networking */ = {isa = PBXFileReference; lastKnownFileType = wrapper; name = Networking; path = ../Networking/Networking; sourceTree = "<group>"; };
/* End PBXFileReference section */

/* Begin PBXFrameworksBuildPhase section */
		CEA2D0CB29D9349E00668907 /* Frameworks */ = {
			isa = PBXFrameworksBuildPhase;
			buildActionMask = 2147483647;
			files = (
				CE40489D29F0224500124C76 /* MovieDetailInterface in Frameworks */,
				CE44320E29F12F62004E1E41 /* MovieSearchFeature in Frameworks */,
				CE96120029E8372200334EB1 /* NetworkingInterface in Frameworks */,
				CE44320A29F12F62004E1E41 /* MoviePopularFeature in Frameworks */,
				CE9611FE29E8372200334EB1 /* Networking in Frameworks */,
				CE40488D29F01D3D00124C76 /* MovieDetailFeature in Frameworks */,
				CE44320C29F12F62004E1E41 /* MoviePopularInterface in Frameworks */,
				CE44321029F12F62004E1E41 /* MovieSearchInterface in Frameworks */,
			);
			runOnlyForDeploymentPostprocessing = 0;
		};
		CEA2D0E129D9349F00668907 /* Frameworks */ = {
			isa = PBXFrameworksBuildPhase;
			buildActionMask = 2147483647;
			files = (
			);
			runOnlyForDeploymentPostprocessing = 0;
		};
/* End PBXFrameworksBuildPhase section */

/* Begin PBXGroup section */
		CE15581029E2972B00A8666A /* DIContainer */ = {
			isa = PBXGroup;
			children = (
				CE15581329E298F900A8666A /* AppDIContainer.swift */,
			);
			path = DIContainer;
			sourceTree = "<group>";
		};
		CE15582429E2B1D000A8666A /* Coordinator */ = {
			isa = PBXGroup;
			children = (
				CE15581129E2984300A8666A /* AppCoordinator.swift */,
			);
			path = Coordinator;
			sourceTree = "<group>";
		};
		CE2BF2E929E7DDB8005F538C /* Frameworks */ = {
			isa = PBXGroup;
			children = (
				CE40488829F01D3200124C76 /* MovieDetailFeature.framework */,
				CEABB04229E835A400BF56E1 /* Networking.framework */,
				CEABB04329E835A400BF56E1 /* NetworkingInterface.framework */,
				CEABB02329E7E29A00BF56E1 /* Networking.framework */,
				CEABB02429E7E29A00BF56E1 /* NetworkingInterface.framework */,
				CEABB02229E7E27900BF56E1 /* Networking */,
				CE2BF2EA29E7DDB8005F538C /* Networking.framework */,
				CE2BF2EB29E7DDB8005F538C /* NetworkingInterface.framework */,
			);
			name = Frameworks;
			sourceTree = "<group>";
		};
		CE40488629F01D1B00124C76 /* Packages */ = {
			isa = PBXGroup;
			children = (
				CEFF5B1D29E84112005D0097 /* Networking */,
				CE40488729F01D1B00124C76 /* MovieDetailFeature */,
				CE44320729F12EC0004E1E41 /* MovieSearchFeature */,
				CE44320829F12ED1004E1E41 /* MoviePopularFeature */,
			);
			name = Packages;
			sourceTree = "<group>";
		};
		CEA2D0C529D9349E00668907 = {
			isa = PBXGroup;
			children = (
				CE40488629F01D1B00124C76 /* Packages */,
				CEA2D11129D93B1200668907 /* Popcorn.xctestplan */,
				CEA2D0D029D9349E00668907 /* Popcorn */,
				CEA2D0E729D9349F00668907 /* PopcornTests */,
				CEA2D0CF29D9349E00668907 /* Products */,
				CE2BF2E929E7DDB8005F538C /* Frameworks */,
			);
			sourceTree = "<group>";
		};
		CEA2D0CF29D9349E00668907 /* Products */ = {
			isa = PBXGroup;
			children = (
				CEA2D0CE29D9349E00668907 /* Popcorn.app */,
				CEA2D0E429D9349F00668907 /* PopcornTests.xctest */,
			);
			name = Products;
			sourceTree = "<group>";
		};
		CEA2D0D029D9349E00668907 /* Popcorn */ = {
			isa = PBXGroup;
			children = (
				CEA2D10129D9350700668907 /* Application */,
				CEA2D10229D9352600668907 /* Resource */,
			);
			path = Popcorn;
			sourceTree = "<group>";
		};
		CEA2D0E729D9349F00668907 /* PopcornTests */ = {
			isa = PBXGroup;
			children = (
				CEA2D0E829D9349F00668907 /* PopcornTests.swift */,
			);
			path = PopcornTests;
			sourceTree = "<group>";
		};
		CEA2D10129D9350700668907 /* Application */ = {
			isa = PBXGroup;
			children = (
				CE15582429E2B1D000A8666A /* Coordinator */,
				CE15581029E2972B00A8666A /* DIContainer */,
				CEA2D0D129D9349E00668907 /* AppDelegate.swift */,
				CEA2D0D329D9349E00668907 /* SceneDelegate.swift */,
				CEA2D16229DAA44800668907 /* AppConfiguration.swift */,
			);
			path = Application;
			sourceTree = "<group>";
		};
		CEA2D10229D9352600668907 /* Resource */ = {
			isa = PBXGroup;
			children = (
				CEA2D0DA29D9349E00668907 /* Assets.xcassets */,
				CEA2D0DC29D9349E00668907 /* LaunchScreen.storyboard */,
				CEA2D0DF29D9349E00668907 /* Info.plist */,
			);
			path = Resource;
			sourceTree = "<group>";
		};
/* End PBXGroup section */

/* Begin PBXNativeTarget section */
		CEA2D0CD29D9349E00668907 /* Popcorn */ = {
			isa = PBXNativeTarget;
			buildConfigurationList = CEA2D0F829D9349F00668907 /* Build configuration list for PBXNativeTarget "Popcorn" */;
			buildPhases = (
				CEA2D0CA29D9349E00668907 /* Sources */,
				CEA2D0CB29D9349E00668907 /* Frameworks */,
				CEA2D0CC29D9349E00668907 /* Resources */,
			);
			buildRules = (
			);
			dependencies = (
			);
			name = Popcorn;
			packageProductDependencies = (
				CE9611FD29E8372200334EB1 /* Networking */,
				CE9611FF29E8372200334EB1 /* NetworkingInterface */,
				CE40488C29F01D3D00124C76 /* MovieDetailFeature */,
				CE40489C29F0224500124C76 /* MovieDetailInterface */,
				CE44320929F12F62004E1E41 /* MoviePopularFeature */,
				CE44320B29F12F62004E1E41 /* MoviePopularInterface */,
				CE44320D29F12F62004E1E41 /* MovieSearchFeature */,
				CE44320F29F12F62004E1E41 /* MovieSearchInterface */,
			);
			productName = Popcorn;
			productReference = CEA2D0CE29D9349E00668907 /* Popcorn.app */;
			productType = "com.apple.product-type.application";
		};
		CEA2D0E329D9349F00668907 /* PopcornTests */ = {
			isa = PBXNativeTarget;
			buildConfigurationList = CEA2D0FB29D9349F00668907 /* Build configuration list for PBXNativeTarget "PopcornTests" */;
			buildPhases = (
				CEA2D0E029D9349F00668907 /* Sources */,
				CEA2D0E129D9349F00668907 /* Frameworks */,
				CEA2D0E229D9349F00668907 /* Resources */,
			);
			buildRules = (
			);
			dependencies = (
				CEA2D0E629D9349F00668907 /* PBXTargetDependency */,
			);
			name = PopcornTests;
			productName = PopcornTests;
			productReference = CEA2D0E429D9349F00668907 /* PopcornTests.xctest */;
			productType = "com.apple.product-type.bundle.unit-test";
		};
/* End PBXNativeTarget section */

/* Begin PBXProject section */
		CEA2D0C629D9349E00668907 /* Project object */ = {
			isa = PBXProject;
			attributes = {
				BuildIndependentTargetsInParallel = 1;
				LastSwiftUpdateCheck = 1430;
				LastUpgradeCheck = 1430;
				TargetAttributes = {
					CEA2D0CD29D9349E00668907 = {
						CreatedOnToolsVersion = 14.3;
					};
					CEA2D0E329D9349F00668907 = {
						CreatedOnToolsVersion = 14.3;
						TestTargetID = CEA2D0CD29D9349E00668907;
					};
				};
			};
			buildConfigurationList = CEA2D0C929D9349E00668907 /* Build configuration list for PBXProject "Popcorn" */;
			compatibilityVersion = "Xcode 14.0";
			developmentRegion = en;
			hasScannedForEncodings = 0;
			knownRegions = (
				en,
				Base,
			);
			mainGroup = CEA2D0C529D9349E00668907;
			packageReferences = (
			);
			productRefGroup = CEA2D0CF29D9349E00668907 /* Products */;
			projectDirPath = "";
			projectRoot = "";
			targets = (
				CEA2D0CD29D9349E00668907 /* Popcorn */,
				CEA2D0E329D9349F00668907 /* PopcornTests */,
			);
		};
/* End PBXProject section */

/* Begin PBXResourcesBuildPhase section */
		CEA2D0CC29D9349E00668907 /* Resources */ = {
			isa = PBXResourcesBuildPhase;
			buildActionMask = 2147483647;
			files = (
				CEA2D0DE29D9349E00668907 /* LaunchScreen.storyboard in Resources */,
				CEA2D0DB29D9349E00668907 /* Assets.xcassets in Resources */,
			);
			runOnlyForDeploymentPostprocessing = 0;
		};
		CEA2D0E229D9349F00668907 /* Resources */ = {
			isa = PBXResourcesBuildPhase;
			buildActionMask = 2147483647;
			files = (
			);
			runOnlyForDeploymentPostprocessing = 0;
		};
/* End PBXResourcesBuildPhase section */

/* Begin PBXSourcesBuildPhase section */
		CEA2D0CA29D9349E00668907 /* Sources */ = {
			isa = PBXSourcesBuildPhase;
			buildActionMask = 2147483647;
			files = (
				CE15581429E298F900A8666A /* AppDIContainer.swift in Sources */,
				CEA2D16329DAA44800668907 /* AppConfiguration.swift in Sources */,
				CE15581229E2984300A8666A /* AppCoordinator.swift in Sources */,
				CEA2D0D229D9349E00668907 /* AppDelegate.swift in Sources */,
				CEA2D0D429D9349E00668907 /* SceneDelegate.swift in Sources */,
			);
			runOnlyForDeploymentPostprocessing = 0;
		};
		CEA2D0E029D9349F00668907 /* Sources */ = {
			isa = PBXSourcesBuildPhase;
			buildActionMask = 2147483647;
			files = (
				CEA2D0E929D9349F00668907 /* PopcornTests.swift in Sources */,
			);
			runOnlyForDeploymentPostprocessing = 0;
		};
/* End PBXSourcesBuildPhase section */

/* Begin PBXTargetDependency section */
		CEA2D0E629D9349F00668907 /* PBXTargetDependency */ = {
			isa = PBXTargetDependency;
			target = CEA2D0CD29D9349E00668907 /* Popcorn */;
			targetProxy = CEA2D0E529D9349F00668907 /* PBXContainerItemProxy */;
		};
/* End PBXTargetDependency section */

/* Begin PBXVariantGroup section */
		CEA2D0DC29D9349E00668907 /* LaunchScreen.storyboard */ = {
			isa = PBXVariantGroup;
			children = (
				CEA2D0DD29D9349E00668907 /* Base */,
			);
			name = LaunchScreen.storyboard;
			sourceTree = "<group>";
		};
/* End PBXVariantGroup section */

/* Begin XCBuildConfiguration section */
		CEA2D0F629D9349F00668907 /* Debug */ = {
			isa = XCBuildConfiguration;
			buildSettings = {
				ALWAYS_SEARCH_USER_PATHS = NO;
				CLANG_ANALYZER_NONNULL = YES;
				CLANG_ANALYZER_NUMBER_OBJECT_CONVERSION = YES_AGGRESSIVE;
				CLANG_CXX_LANGUAGE_STANDARD = "gnu++20";
				CLANG_ENABLE_MODULES = YES;
				CLANG_ENABLE_OBJC_ARC = YES;
				CLANG_ENABLE_OBJC_WEAK = YES;
				CLANG_WARN_BLOCK_CAPTURE_AUTORELEASING = YES;
				CLANG_WARN_BOOL_CONVERSION = YES;
				CLANG_WARN_COMMA = YES;
				CLANG_WARN_CONSTANT_CONVERSION = YES;
				CLANG_WARN_DEPRECATED_OBJC_IMPLEMENTATIONS = YES;
				CLANG_WARN_DIRECT_OBJC_ISA_USAGE = YES_ERROR;
				CLANG_WARN_DOCUMENTATION_COMMENTS = YES;
				CLANG_WARN_EMPTY_BODY = YES;
				CLANG_WARN_ENUM_CONVERSION = YES;
				CLANG_WARN_INFINITE_RECURSION = YES;
				CLANG_WARN_INT_CONVERSION = YES;
				CLANG_WARN_NON_LITERAL_NULL_CONVERSION = YES;
				CLANG_WARN_OBJC_IMPLICIT_RETAIN_SELF = YES;
				CLANG_WARN_OBJC_LITERAL_CONVERSION = YES;
				CLANG_WARN_OBJC_ROOT_CLASS = YES_ERROR;
				CLANG_WARN_QUOTED_INCLUDE_IN_FRAMEWORK_HEADER = YES;
				CLANG_WARN_RANGE_LOOP_ANALYSIS = YES;
				CLANG_WARN_STRICT_PROTOTYPES = YES;
				CLANG_WARN_SUSPICIOUS_MOVE = YES;
				CLANG_WARN_UNGUARDED_AVAILABILITY = YES_AGGRESSIVE;
				CLANG_WARN_UNREACHABLE_CODE = YES;
				CLANG_WARN__DUPLICATE_METHOD_MATCH = YES;
				COPY_PHASE_STRIP = NO;
				DEBUG_INFORMATION_FORMAT = dwarf;
				ENABLE_STRICT_OBJC_MSGSEND = YES;
				ENABLE_TESTABILITY = YES;
				GCC_C_LANGUAGE_STANDARD = gnu11;
				GCC_DYNAMIC_NO_PIC = NO;
				GCC_NO_COMMON_BLOCKS = YES;
				GCC_OPTIMIZATION_LEVEL = 0;
				GCC_PREPROCESSOR_DEFINITIONS = (
					"DEBUG=1",
					"$(inherited)",
				);
				GCC_WARN_64_TO_32_BIT_CONVERSION = YES;
				GCC_WARN_ABOUT_RETURN_TYPE = YES_ERROR;
				GCC_WARN_UNDECLARED_SELECTOR = YES;
				GCC_WARN_UNINITIALIZED_AUTOS = YES_AGGRESSIVE;
				GCC_WARN_UNUSED_FUNCTION = YES;
				GCC_WARN_UNUSED_VARIABLE = YES;
				IPHONEOS_DEPLOYMENT_TARGET = 16.4;
				MTL_ENABLE_DEBUG_INFO = INCLUDE_SOURCE;
				MTL_FAST_MATH = YES;
				ONLY_ACTIVE_ARCH = YES;
				SDKROOT = iphoneos;
				SWIFT_ACTIVE_COMPILATION_CONDITIONS = DEBUG;
				SWIFT_OPTIMIZATION_LEVEL = "-Onone";
			};
			name = Debug;
		};
		CEA2D0F729D9349F00668907 /* Release */ = {
			isa = XCBuildConfiguration;
			buildSettings = {
				ALWAYS_SEARCH_USER_PATHS = NO;
				CLANG_ANALYZER_NONNULL = YES;
				CLANG_ANALYZER_NUMBER_OBJECT_CONVERSION = YES_AGGRESSIVE;
				CLANG_CXX_LANGUAGE_STANDARD = "gnu++20";
				CLANG_ENABLE_MODULES = YES;
				CLANG_ENABLE_OBJC_ARC = YES;
				CLANG_ENABLE_OBJC_WEAK = YES;
				CLANG_WARN_BLOCK_CAPTURE_AUTORELEASING = YES;
				CLANG_WARN_BOOL_CONVERSION = YES;
				CLANG_WARN_COMMA = YES;
				CLANG_WARN_CONSTANT_CONVERSION = YES;
				CLANG_WARN_DEPRECATED_OBJC_IMPLEMENTATIONS = YES;
				CLANG_WARN_DIRECT_OBJC_ISA_USAGE = YES_ERROR;
				CLANG_WARN_DOCUMENTATION_COMMENTS = YES;
				CLANG_WARN_EMPTY_BODY = YES;
				CLANG_WARN_ENUM_CONVERSION = YES;
				CLANG_WARN_INFINITE_RECURSION = YES;
				CLANG_WARN_INT_CONVERSION = YES;
				CLANG_WARN_NON_LITERAL_NULL_CONVERSION = YES;
				CLANG_WARN_OBJC_IMPLICIT_RETAIN_SELF = YES;
				CLANG_WARN_OBJC_LITERAL_CONVERSION = YES;
				CLANG_WARN_OBJC_ROOT_CLASS = YES_ERROR;
				CLANG_WARN_QUOTED_INCLUDE_IN_FRAMEWORK_HEADER = YES;
				CLANG_WARN_RANGE_LOOP_ANALYSIS = YES;
				CLANG_WARN_STRICT_PROTOTYPES = YES;
				CLANG_WARN_SUSPICIOUS_MOVE = YES;
				CLANG_WARN_UNGUARDED_AVAILABILITY = YES_AGGRESSIVE;
				CLANG_WARN_UNREACHABLE_CODE = YES;
				CLANG_WARN__DUPLICATE_METHOD_MATCH = YES;
				COPY_PHASE_STRIP = NO;
				DEBUG_INFORMATION_FORMAT = "dwarf-with-dsym";
				ENABLE_NS_ASSERTIONS = NO;
				ENABLE_STRICT_OBJC_MSGSEND = YES;
				GCC_C_LANGUAGE_STANDARD = gnu11;
				GCC_NO_COMMON_BLOCKS = YES;
				GCC_WARN_64_TO_32_BIT_CONVERSION = YES;
				GCC_WARN_ABOUT_RETURN_TYPE = YES_ERROR;
				GCC_WARN_UNDECLARED_SELECTOR = YES;
				GCC_WARN_UNINITIALIZED_AUTOS = YES_AGGRESSIVE;
				GCC_WARN_UNUSED_FUNCTION = YES;
				GCC_WARN_UNUSED_VARIABLE = YES;
				IPHONEOS_DEPLOYMENT_TARGET = 16.4;
				MTL_ENABLE_DEBUG_INFO = NO;
				MTL_FAST_MATH = YES;
				SDKROOT = iphoneos;
				SWIFT_COMPILATION_MODE = wholemodule;
				SWIFT_OPTIMIZATION_LEVEL = "-O";
				VALIDATE_PRODUCT = YES;
			};
			name = Release;
		};
		CEA2D0F929D9349F00668907 /* Debug */ = {
			isa = XCBuildConfiguration;
			buildSettings = {
				ASSETCATALOG_COMPILER_APPICON_NAME = AppIcon;
				ASSETCATALOG_COMPILER_GLOBAL_ACCENT_COLOR_NAME = AccentColor;
				CODE_SIGN_STYLE = Automatic;
				CURRENT_PROJECT_VERSION = 1;
				GENERATE_INFOPLIST_FILE = YES;
				INFOPLIST_FILE = Popcorn/Resource/Info.plist;
				INFOPLIST_KEY_UIApplicationSupportsIndirectInputEvents = YES;
				INFOPLIST_KEY_UILaunchStoryboardName = LaunchScreen.storyboard;
				INFOPLIST_KEY_UIMainStoryboardFile = "";
				INFOPLIST_KEY_UISupportedInterfaceOrientations = UIInterfaceOrientationPortrait;
				LD_RUNPATH_SEARCH_PATHS = (
					"$(inherited)",
					"@executable_path/Frameworks",
				);
				MARKETING_VERSION = 1.0;
				PRODUCT_BUNDLE_IDENTIFIER = com.hoang.Popcorn;
				PRODUCT_NAME = "$(TARGET_NAME)";
				SUPPORTED_PLATFORMS = "iphoneos iphonesimulator";
				SUPPORTS_MACCATALYST = NO;
				SUPPORTS_MAC_DESIGNED_FOR_IPHONE_IPAD = NO;
				SWIFT_EMIT_LOC_STRINGS = YES;
				SWIFT_VERSION = 5.0;
				TARGETED_DEVICE_FAMILY = 1;
			};
			name = Debug;
		};
		CEA2D0FA29D9349F00668907 /* Release */ = {
			isa = XCBuildConfiguration;
			buildSettings = {
				ASSETCATALOG_COMPILER_APPICON_NAME = AppIcon;
				ASSETCATALOG_COMPILER_GLOBAL_ACCENT_COLOR_NAME = AccentColor;
				CODE_SIGN_STYLE = Automatic;
				CURRENT_PROJECT_VERSION = 1;
				GENERATE_INFOPLIST_FILE = YES;
				INFOPLIST_FILE = Popcorn/Resource/Info.plist;
				INFOPLIST_KEY_UIApplicationSupportsIndirectInputEvents = YES;
				INFOPLIST_KEY_UILaunchStoryboardName = LaunchScreen.storyboard;
				INFOPLIST_KEY_UIMainStoryboardFile = "";
				INFOPLIST_KEY_UISupportedInterfaceOrientations = UIInterfaceOrientationPortrait;
				LD_RUNPATH_SEARCH_PATHS = (
					"$(inherited)",
					"@executable_path/Frameworks",
				);
				MARKETING_VERSION = 1.0;
				PRODUCT_BUNDLE_IDENTIFIER = com.hoang.Popcorn;
				PRODUCT_NAME = "$(TARGET_NAME)";
				SUPPORTED_PLATFORMS = "iphoneos iphonesimulator";
				SUPPORTS_MACCATALYST = NO;
				SUPPORTS_MAC_DESIGNED_FOR_IPHONE_IPAD = NO;
				SWIFT_EMIT_LOC_STRINGS = YES;
				SWIFT_VERSION = 5.0;
				TARGETED_DEVICE_FAMILY = 1;
			};
			name = Release;
		};
		CEA2D0FC29D9349F00668907 /* Debug */ = {
			isa = XCBuildConfiguration;
			buildSettings = {
				ALWAYS_EMBED_SWIFT_STANDARD_LIBRARIES = YES;
				BUNDLE_LOADER = "$(TEST_HOST)";
				CODE_SIGN_STYLE = Automatic;
				CURRENT_PROJECT_VERSION = 1;
				GENERATE_INFOPLIST_FILE = YES;
				IPHONEOS_DEPLOYMENT_TARGET = 16.4;
				MARKETING_VERSION = 1.0;
				PRODUCT_BUNDLE_IDENTIFIER = com.hoang.PopcornTests;
				PRODUCT_NAME = "$(TARGET_NAME)";
				SUPPORTED_PLATFORMS = "iphoneos iphonesimulator";
				SUPPORTS_MACCATALYST = NO;
				SUPPORTS_MAC_DESIGNED_FOR_IPHONE_IPAD = NO;
				SWIFT_EMIT_LOC_STRINGS = NO;
				SWIFT_VERSION = 5.0;
				TARGETED_DEVICE_FAMILY = 1;
				TEST_HOST = "$(BUILT_PRODUCTS_DIR)/Popcorn.app/$(BUNDLE_EXECUTABLE_FOLDER_PATH)/Popcorn";
			};
			name = Debug;
		};
		CEA2D0FD29D9349F00668907 /* Release */ = {
			isa = XCBuildConfiguration;
			buildSettings = {
				ALWAYS_EMBED_SWIFT_STANDARD_LIBRARIES = YES;
				BUNDLE_LOADER = "$(TEST_HOST)";
				CODE_SIGN_STYLE = Automatic;
				CURRENT_PROJECT_VERSION = 1;
				GENERATE_INFOPLIST_FILE = YES;
				IPHONEOS_DEPLOYMENT_TARGET = 16.4;
				MARKETING_VERSION = 1.0;
				PRODUCT_BUNDLE_IDENTIFIER = com.hoang.PopcornTests;
				PRODUCT_NAME = "$(TARGET_NAME)";
				SUPPORTED_PLATFORMS = "iphoneos iphonesimulator";
				SUPPORTS_MACCATALYST = NO;
				SUPPORTS_MAC_DESIGNED_FOR_IPHONE_IPAD = NO;
				SWIFT_EMIT_LOC_STRINGS = NO;
				SWIFT_VERSION = 5.0;
				TARGETED_DEVICE_FAMILY = 1;
				TEST_HOST = "$(BUILT_PRODUCTS_DIR)/Popcorn.app/$(BUNDLE_EXECUTABLE_FOLDER_PATH)/Popcorn";
			};
			name = Release;
		};
/* End XCBuildConfiguration section */

/* Begin XCConfigurationList section */
		CEA2D0C929D9349E00668907 /* Build configuration list for PBXProject "Popcorn" */ = {
			isa = XCConfigurationList;
			buildConfigurations = (
				CEA2D0F629D9349F00668907 /* Debug */,
				CEA2D0F729D9349F00668907 /* Release */,
			);
			defaultConfigurationIsVisible = 0;
			defaultConfigurationName = Release;
		};
		CEA2D0F829D9349F00668907 /* Build configuration list for PBXNativeTarget "Popcorn" */ = {
			isa = XCConfigurationList;
			buildConfigurations = (
				CEA2D0F929D9349F00668907 /* Debug */,
				CEA2D0FA29D9349F00668907 /* Release */,
			);
			defaultConfigurationIsVisible = 0;
			defaultConfigurationName = Release;
		};
		CEA2D0FB29D9349F00668907 /* Build configuration list for PBXNativeTarget "PopcornTests" */ = {
			isa = XCConfigurationList;
			buildConfigurations = (
				CEA2D0FC29D9349F00668907 /* Debug */,
				CEA2D0FD29D9349F00668907 /* Release */,
			);
			defaultConfigurationIsVisible = 0;
			defaultConfigurationName = Release;
		};
/* End XCConfigurationList section */

/* Begin XCSwiftPackageProductDependency section */
		CE40488C29F01D3D00124C76 /* MovieDetailFeature */ = {
			isa = XCSwiftPackageProductDependency;
			productName = MovieDetailFeature;
		};
		CE40489C29F0224500124C76 /* MovieDetailInterface */ = {
			isa = XCSwiftPackageProductDependency;
			productName = MovieDetailInterface;
		};
		CE44320929F12F62004E1E41 /* MoviePopularFeature */ = {
			isa = XCSwiftPackageProductDependency;
			productName = MoviePopularFeature;
		};
		CE44320B29F12F62004E1E41 /* MoviePopularInterface */ = {
			isa = XCSwiftPackageProductDependency;
			productName = MoviePopularInterface;
		};
		CE44320D29F12F62004E1E41 /* MovieSearchFeature */ = {
			isa = XCSwiftPackageProductDependency;
			productName = MovieSearchFeature;
		};
		CE44320F29F12F62004E1E41 /* MovieSearchInterface */ = {
			isa = XCSwiftPackageProductDependency;
			productName = MovieSearchInterface;
		};
		CE9611FD29E8372200334EB1 /* Networking */ = {
			isa = XCSwiftPackageProductDependency;
			productName = Networking;
		};
		CE9611FF29E8372200334EB1 /* NetworkingInterface */ = {
			isa = XCSwiftPackageProductDependency;
			productName = NetworkingInterface;
		};
/* End XCSwiftPackageProductDependency section */
	};
	rootObject = CEA2D0C629D9349E00668907 /* Project object */;
}
